// !$*UTF8*$!
{
	archiveVersion = 1;
	classes = {
	};
	objectVersion = 46;
	objects = {

/* Begin PBXBuildFile section */
		EF0CF5DD1ACD46A7005B4EFA /* categoriesViewController.m in Sources */ = {isa = PBXBuildFile; fileRef = EF0CF5DC1ACD46A7005B4EFA /* categoriesViewController.m */; };
		EF6955811ABCA15500707E61 /* main.m in Sources */ = {isa = PBXBuildFile; fileRef = EF6955801ABCA15500707E61 /* main.m */; };
		EF6955841ABCA15500707E61 /* AppDelegate.m in Sources */ = {isa = PBXBuildFile; fileRef = EF6955831ABCA15500707E61 /* AppDelegate.m */; };
		EF6955871ABCA15500707E61 /* bobMainViewController.m in Sources */ = {isa = PBXBuildFile; fileRef = EF6955861ABCA15500707E61 /* bobMainViewController.m */; };
		EF69558A1ABCA15500707E61 /* trendingQuestionsViewController.m in Sources */ = {isa = PBXBuildFile; fileRef = EF6955891ABCA15500707E61 /* trendingQuestionsViewController.m */; };
		EF69558D1ABCA15500707E61 /* Main.storyboard in Resources */ = {isa = PBXBuildFile; fileRef = EF69558B1ABCA15500707E61 /* Main.storyboard */; };
		EF69558F1ABCA15500707E61 /* Images.xcassets in Resources */ = {isa = PBXBuildFile; fileRef = EF69558E1ABCA15500707E61 /* Images.xcassets */; };
		EF6955921ABCA15500707E61 /* LaunchScreen.xib in Resources */ = {isa = PBXBuildFile; fileRef = EF6955901ABCA15500707E61 /* LaunchScreen.xib */; };
		EF69559E1ABCA15500707E61 /* BobTests.m in Sources */ = {isa = PBXBuildFile; fileRef = EF69559D1ABCA15500707E61 /* BobTests.m */; };
		EF6955AD1ABCA20500707E61 /* Bolts.framework in Frameworks */ = {isa = PBXBuildFile; fileRef = EF6955A81ABCA20500707E61 /* Bolts.framework */; };
		EF6955AE1ABCA20500707E61 /* Parse.framework in Frameworks */ = {isa = PBXBuildFile; fileRef = EF6955A91ABCA20500707E61 /* Parse.framework */; };
		EF6955AF1ABCA20500707E61 /* ParseCrashReporting.framework in Frameworks */ = {isa = PBXBuildFile; fileRef = EF6955AA1ABCA20500707E61 /* ParseCrashReporting.framework */; };
		EF6955B01ABCA20500707E61 /* ParseFacebookUtils.framework in Frameworks */ = {isa = PBXBuildFile; fileRef = EF6955AB1ABCA20500707E61 /* ParseFacebookUtils.framework */; };
		EF6955B11ABCA20500707E61 /* ParseUI.framework in Frameworks */ = {isa = PBXBuildFile; fileRef = EF6955AC1ABCA20500707E61 /* ParseUI.framework */; };
		EF6955BD1ABCA26700707E61 /* AudioToolbox.framework in Frameworks */ = {isa = PBXBuildFile; fileRef = EF6955B21ABCA26700707E61 /* AudioToolbox.framework */; };
		EF6955BE1ABCA26700707E61 /* CFNetwork.framework in Frameworks */ = {isa = PBXBuildFile; fileRef = EF6955B31ABCA26700707E61 /* CFNetwork.framework */; };
		EF6955BF1ABCA26700707E61 /* CoreGraphics.framework in Frameworks */ = {isa = PBXBuildFile; fileRef = EF6955B41ABCA26700707E61 /* CoreGraphics.framework */; };
		EF6955C01ABCA26700707E61 /* CoreLocation.framework in Frameworks */ = {isa = PBXBuildFile; fileRef = EF6955B51ABCA26700707E61 /* CoreLocation.framework */; };
		EF6955C11ABCA26700707E61 /* libsqlite3.dylib in Frameworks */ = {isa = PBXBuildFile; fileRef = EF6955B61ABCA26700707E61 /* libsqlite3.dylib */; };
		EF6955C21ABCA26700707E61 /* libz.dylib in Frameworks */ = {isa = PBXBuildFile; fileRef = EF6955B71ABCA26700707E61 /* libz.dylib */; };
		EF6955C31ABCA26700707E61 /* MobileCoreServices.framework in Frameworks */ = {isa = PBXBuildFile; fileRef = EF6955B81ABCA26700707E61 /* MobileCoreServices.framework */; };
		EF6955C41ABCA26700707E61 /* QuartzCore.framework in Frameworks */ = {isa = PBXBuildFile; fileRef = EF6955B91ABCA26700707E61 /* QuartzCore.framework */; };
		EF6955C51ABCA26700707E61 /* Security.framework in Frameworks */ = {isa = PBXBuildFile; fileRef = EF6955BA1ABCA26700707E61 /* Security.framework */; };
		EF6955C61ABCA26700707E61 /* StoreKit.framework in Frameworks */ = {isa = PBXBuildFile; fileRef = EF6955BB1ABCA26700707E61 /* StoreKit.framework */; };
		EF6955C71ABCA26700707E61 /* SystemConfiguration.framework in Frameworks */ = {isa = PBXBuildFile; fileRef = EF6955BC1ABCA26700707E61 /* SystemConfiguration.framework */; };
		EF6955C91ABCA3C200707E61 /* FacebookSDK.framework in Frameworks */ = {isa = PBXBuildFile; fileRef = EF6955C81ABCA3C200707E61 /* FacebookSDK.framework */; };
		EF6955CE1ABE9D1C00707E61 /* initialViewController.m in Sources */ = {isa = PBXBuildFile; fileRef = EF6955CD1ABE9D1C00707E61 /* initialViewController.m */; };
		EF6955D11ABE9D7A00707E61 /* bobLogInViewController.m in Sources */ = {isa = PBXBuildFile; fileRef = EF6955D01ABE9D7A00707E61 /* bobLogInViewController.m */; };
		EF6955D41ABE9DB400707E61 /* bobSignUpViewController.m in Sources */ = {isa = PBXBuildFile; fileRef = EF6955D31ABE9DB400707E61 /* bobSignUpViewController.m */; };
		EF6955D61ABF217D00707E61 /* Social.framework in Frameworks */ = {isa = PBXBuildFile; fileRef = EF6955D51ABF217D00707E61 /* Social.framework */; };
		EF6955D81ABF218C00707E61 /* Accounts.framework in Frameworks */ = {isa = PBXBuildFile; fileRef = EF6955D71ABF218C00707E61 /* Accounts.framework */; };
/* End PBXBuildFile section */

/* Begin PBXContainerItemProxy section */
		EF6955981ABCA15500707E61 /* PBXContainerItemProxy */ = {
			isa = PBXContainerItemProxy;
			containerPortal = EF6955731ABCA15500707E61 /* Project object */;
			proxyType = 1;
			remoteGlobalIDString = EF69557A1ABCA15500707E61;
			remoteInfo = Bob;
		};
/* End PBXContainerItemProxy section */

/* Begin PBXFileReference section */
		EF0CF5DB1ACD46A7005B4EFA /* categoriesViewController.h */ = {isa = PBXFileReference; fileEncoding = 4; lastKnownFileType = sourcecode.c.h; path = categoriesViewController.h; sourceTree = "<group>"; };
		EF0CF5DC1ACD46A7005B4EFA /* categoriesViewController.m */ = {isa = PBXFileReference; fileEncoding = 4; lastKnownFileType = sourcecode.c.objc; path = categoriesViewController.m; sourceTree = "<group>"; };
		EF69557B1ABCA15500707E61 /* Bob.app */ = {isa = PBXFileReference; explicitFileType = wrapper.application; includeInIndex = 0; path = Bob.app; sourceTree = BUILT_PRODUCTS_DIR; };
		EF69557F1ABCA15500707E61 /* Info.plist */ = {isa = PBXFileReference; lastKnownFileType = text.plist.xml; path = Info.plist; sourceTree = "<group>"; };
		EF6955801ABCA15500707E61 /* main.m */ = {isa = PBXFileReference; lastKnownFileType = sourcecode.c.objc; path = main.m; sourceTree = "<group>"; };
		EF6955821ABCA15500707E61 /* AppDelegate.h */ = {isa = PBXFileReference; lastKnownFileType = sourcecode.c.h; path = AppDelegate.h; sourceTree = "<group>"; };
		EF6955831ABCA15500707E61 /* AppDelegate.m */ = {isa = PBXFileReference; lastKnownFileType = sourcecode.c.objc; path = AppDelegate.m; sourceTree = "<group>"; };
		EF6955851ABCA15500707E61 /* bobMainViewController.h */ = {isa = PBXFileReference; lastKnownFileType = sourcecode.c.h; path = bobMainViewController.h; sourceTree = "<group>"; };
		EF6955861ABCA15500707E61 /* bobMainViewController.m */ = {isa = PBXFileReference; lastKnownFileType = sourcecode.c.objc; path = bobMainViewController.m; sourceTree = "<group>"; };
		EF6955881ABCA15500707E61 /* trendingQuestionsViewController.h */ = {isa = PBXFileReference; lastKnownFileType = sourcecode.c.h; path = trendingQuestionsViewController.h; sourceTree = "<group>"; };
		EF6955891ABCA15500707E61 /* trendingQuestionsViewController.m */ = {isa = PBXFileReference; lastKnownFileType = sourcecode.c.objc; path = trendingQuestionsViewController.m; sourceTree = "<group>"; };
		EF69558C1ABCA15500707E61 /* Base */ = {isa = PBXFileReference; lastKnownFileType = file.storyboard; name = Base; path = Base.lproj/Main.storyboard; sourceTree = "<group>"; };
		EF69558E1ABCA15500707E61 /* Images.xcassets */ = {isa = PBXFileReference; lastKnownFileType = folder.assetcatalog; path = Images.xcassets; sourceTree = "<group>"; };
		EF6955911ABCA15500707E61 /* Base */ = {isa = PBXFileReference; lastKnownFileType = file.xib; name = Base; path = Base.lproj/LaunchScreen.xib; sourceTree = "<group>"; };
		EF6955971ABCA15500707E61 /* BobTests.xctest */ = {isa = PBXFileReference; explicitFileType = wrapper.cfbundle; includeInIndex = 0; path = BobTests.xctest; sourceTree = BUILT_PRODUCTS_DIR; };
		EF69559C1ABCA15500707E61 /* Info.plist */ = {isa = PBXFileReference; lastKnownFileType = text.plist.xml; path = Info.plist; sourceTree = "<group>"; };
		EF69559D1ABCA15500707E61 /* BobTests.m */ = {isa = PBXFileReference; lastKnownFileType = sourcecode.c.objc; path = BobTests.m; sourceTree = "<group>"; };
		EF6955A81ABCA20500707E61 /* Bolts.framework */ = {isa = PBXFileReference; lastKnownFileType = wrapper.framework; path = Bolts.framework; sourceTree = "<group>"; };
		EF6955A91ABCA20500707E61 /* Parse.framework */ = {isa = PBXFileReference; lastKnownFileType = wrapper.framework; path = Parse.framework; sourceTree = "<group>"; };
		EF6955AA1ABCA20500707E61 /* ParseCrashReporting.framework */ = {isa = PBXFileReference; lastKnownFileType = wrapper.framework; path = ParseCrashReporting.framework; sourceTree = "<group>"; };
		EF6955AB1ABCA20500707E61 /* ParseFacebookUtils.framework */ = {isa = PBXFileReference; lastKnownFileType = wrapper.framework; path = ParseFacebookUtils.framework; sourceTree = "<group>"; };
		EF6955AC1ABCA20500707E61 /* ParseUI.framework */ = {isa = PBXFileReference; lastKnownFileType = wrapper.framework; path = ParseUI.framework; sourceTree = "<group>"; };
		EF6955B21ABCA26700707E61 /* AudioToolbox.framework */ = {isa = PBXFileReference; lastKnownFileType = wrapper.framework; name = AudioToolbox.framework; path = System/Library/Frameworks/AudioToolbox.framework; sourceTree = SDKROOT; };
		EF6955B31ABCA26700707E61 /* CFNetwork.framework */ = {isa = PBXFileReference; lastKnownFileType = wrapper.framework; name = CFNetwork.framework; path = System/Library/Frameworks/CFNetwork.framework; sourceTree = SDKROOT; };
		EF6955B41ABCA26700707E61 /* CoreGraphics.framework */ = {isa = PBXFileReference; lastKnownFileType = wrapper.framework; name = CoreGraphics.framework; path = System/Library/Frameworks/CoreGraphics.framework; sourceTree = SDKROOT; };
		EF6955B51ABCA26700707E61 /* CoreLocation.framework */ = {isa = PBXFileReference; lastKnownFileType = wrapper.framework; name = CoreLocation.framework; path = System/Library/Frameworks/CoreLocation.framework; sourceTree = SDKROOT; };
		EF6955B61ABCA26700707E61 /* libsqlite3.dylib */ = {isa = PBXFileReference; lastKnownFileType = "compiled.mach-o.dylib"; name = libsqlite3.dylib; path = usr/lib/libsqlite3.dylib; sourceTree = SDKROOT; };
		EF6955B71ABCA26700707E61 /* libz.dylib */ = {isa = PBXFileReference; lastKnownFileType = "compiled.mach-o.dylib"; name = libz.dylib; path = usr/lib/libz.dylib; sourceTree = SDKROOT; };
		EF6955B81ABCA26700707E61 /* MobileCoreServices.framework */ = {isa = PBXFileReference; lastKnownFileType = wrapper.framework; name = MobileCoreServices.framework; path = System/Library/Frameworks/MobileCoreServices.framework; sourceTree = SDKROOT; };
		EF6955B91ABCA26700707E61 /* QuartzCore.framework */ = {isa = PBXFileReference; lastKnownFileType = wrapper.framework; name = QuartzCore.framework; path = System/Library/Frameworks/QuartzCore.framework; sourceTree = SDKROOT; };
		EF6955BA1ABCA26700707E61 /* Security.framework */ = {isa = PBXFileReference; lastKnownFileType = wrapper.framework; name = Security.framework; path = System/Library/Frameworks/Security.framework; sourceTree = SDKROOT; };
		EF6955BB1ABCA26700707E61 /* StoreKit.framework */ = {isa = PBXFileReference; lastKnownFileType = wrapper.framework; name = StoreKit.framework; path = System/Library/Frameworks/StoreKit.framework; sourceTree = SDKROOT; };
		EF6955BC1ABCA26700707E61 /* SystemConfiguration.framework */ = {isa = PBXFileReference; lastKnownFileType = wrapper.framework; name = SystemConfiguration.framework; path = System/Library/Frameworks/SystemConfiguration.framework; sourceTree = SDKROOT; };
		EF6955C81ABCA3C200707E61 /* FacebookSDK.framework */ = {isa = PBXFileReference; lastKnownFileType = wrapper.framework; path = FacebookSDK.framework; sourceTree = "<group>"; };
		EF6955CC1ABE9D1C00707E61 /* initialViewController.h */ = {isa = PBXFileReference; fileEncoding = 4; lastKnownFileType = sourcecode.c.h; path = initialViewController.h; sourceTree = "<group>"; };
		EF6955CD1ABE9D1C00707E61 /* initialViewController.m */ = {isa = PBXFileReference; fileEncoding = 4; lastKnownFileType = sourcecode.c.objc; path = initialViewController.m; sourceTree = "<group>"; };
		EF6955CF1ABE9D7A00707E61 /* bobLogInViewController.h */ = {isa = PBXFileReference; fileEncoding = 4; lastKnownFileType = sourcecode.c.h; path = bobLogInViewController.h; sourceTree = "<group>"; };
		EF6955D01ABE9D7A00707E61 /* bobLogInViewController.m */ = {isa = PBXFileReference; fileEncoding = 4; lastKnownFileType = sourcecode.c.objc; path = bobLogInViewController.m; sourceTree = "<group>"; };
		EF6955D21ABE9DB400707E61 /* bobSignUpViewController.h */ = {isa = PBXFileReference; fileEncoding = 4; lastKnownFileType = sourcecode.c.h; path = bobSignUpViewController.h; sourceTree = "<group>"; };
		EF6955D31ABE9DB400707E61 /* bobSignUpViewController.m */ = {isa = PBXFileReference; fileEncoding = 4; lastKnownFileType = sourcecode.c.objc; path = bobSignUpViewController.m; sourceTree = "<group>"; };
		EF6955D51ABF217D00707E61 /* Social.framework */ = {isa = PBXFileReference; lastKnownFileType = wrapper.framework; name = Social.framework; path = System/Library/Frameworks/Social.framework; sourceTree = SDKROOT; };
		EF6955D71ABF218C00707E61 /* Accounts.framework */ = {isa = PBXFileReference; lastKnownFileType = wrapper.framework; name = Accounts.framework; path = System/Library/Frameworks/Accounts.framework; sourceTree = SDKROOT; };
/* End PBXFileReference section */

/* Begin PBXFrameworksBuildPhase section */
		EF6955781ABCA15500707E61 /* Frameworks */ = {
			isa = PBXFrameworksBuildPhase;
			buildActionMask = 2147483647;
			files = (
				EF6955D81ABF218C00707E61 /* Accounts.framework in Frameworks */,
				EF6955D61ABF217D00707E61 /* Social.framework in Frameworks */,
				EF6955BD1ABCA26700707E61 /* AudioToolbox.framework in Frameworks */,
				EF6955BE1ABCA26700707E61 /* CFNetwork.framework in Frameworks */,
				EF6955BF1ABCA26700707E61 /* CoreGraphics.framework in Frameworks */,
				EF6955C01ABCA26700707E61 /* CoreLocation.framework in Frameworks */,
				EF6955C11ABCA26700707E61 /* libsqlite3.dylib in Frameworks */,
				EF6955C21ABCA26700707E61 /* libz.dylib in Frameworks */,
				EF6955C31ABCA26700707E61 /* MobileCoreServices.framework in Frameworks */,
				EF6955C41ABCA26700707E61 /* QuartzCore.framework in Frameworks */,
				EF6955C91ABCA3C200707E61 /* FacebookSDK.framework in Frameworks */,
				EF6955C51ABCA26700707E61 /* Security.framework in Frameworks */,
				EF6955C61ABCA26700707E61 /* StoreKit.framework in Frameworks */,
				EF6955C71ABCA26700707E61 /* SystemConfiguration.framework in Frameworks */,
				EF6955AE1ABCA20500707E61 /* Parse.framework in Frameworks */,
				EF6955AF1ABCA20500707E61 /* ParseCrashReporting.framework in Frameworks */,
				EF6955B11ABCA20500707E61 /* ParseUI.framework in Frameworks */,
				EF6955B01ABCA20500707E61 /* ParseFacebookUtils.framework in Frameworks */,
				EF6955AD1ABCA20500707E61 /* Bolts.framework in Frameworks */,
			);
			runOnlyForDeploymentPostprocessing = 0;
		};
		EF6955941ABCA15500707E61 /* Frameworks */ = {
			isa = PBXFrameworksBuildPhase;
			buildActionMask = 2147483647;
			files = (
			);
			runOnlyForDeploymentPostprocessing = 0;
		};
/* End PBXFrameworksBuildPhase section */

/* Begin PBXGroup section */
		EF6955721ABCA15500707E61 = {
			isa = PBXGroup;
			children = (
				EF6955A71ABCA1EC00707E61 /* Frameworks */,
				EF69557D1ABCA15500707E61 /* Bob */,
				EF69559A1ABCA15500707E61 /* BobTests */,
				EF69557C1ABCA15500707E61 /* Products */,
			);
			sourceTree = "<group>";
		};
		EF69557C1ABCA15500707E61 /* Products */ = {
			isa = PBXGroup;
			children = (
				EF69557B1ABCA15500707E61 /* Bob.app */,
				EF6955971ABCA15500707E61 /* BobTests.xctest */,
			);
			name = Products;
			sourceTree = "<group>";
		};
		EF69557D1ABCA15500707E61 /* Bob */ = {
			isa = PBXGroup;
			children = (
				EFE694421ACD926300B1131D /* Archived */,
				EF6955DA1AC0054800707E61 /* Controllers */,
				EF6955821ABCA15500707E61 /* AppDelegate.h */,
				EF6955831ABCA15500707E61 /* AppDelegate.m */,
				EF69558B1ABCA15500707E61 /* Main.storyboard */,
				EF69558E1ABCA15500707E61 /* Images.xcassets */,
				EF6955901ABCA15500707E61 /* LaunchScreen.xib */,
				EF69557E1ABCA15500707E61 /* Supporting Files */,
			);
			path = Bob;
			sourceTree = "<group>";
		};
		EF69557E1ABCA15500707E61 /* Supporting Files */ = {
			isa = PBXGroup;
			children = (
				EF69557F1ABCA15500707E61 /* Info.plist */,
				EF6955801ABCA15500707E61 /* main.m */,
			);
			name = "Supporting Files";
			sourceTree = "<group>";
		};
		EF69559A1ABCA15500707E61 /* BobTests */ = {
			isa = PBXGroup;
			children = (
				EF69559D1ABCA15500707E61 /* BobTests.m */,
				EF69559B1ABCA15500707E61 /* Supporting Files */,
			);
			path = BobTests;
			sourceTree = "<group>";
		};
		EF69559B1ABCA15500707E61 /* Supporting Files */ = {
			isa = PBXGroup;
			children = (
				EF69559C1ABCA15500707E61 /* Info.plist */,
			);
			name = "Supporting Files";
			sourceTree = "<group>";
		};
		EF6955A71ABCA1EC00707E61 /* Frameworks */ = {
			isa = PBXGroup;
			children = (
				EF6955D71ABF218C00707E61 /* Accounts.framework */,
				EF6955D51ABF217D00707E61 /* Social.framework */,
				EF6955C81ABCA3C200707E61 /* FacebookSDK.framework */,
				EF6955B21ABCA26700707E61 /* AudioToolbox.framework */,
				EF6955B31ABCA26700707E61 /* CFNetwork.framework */,
				EF6955B41ABCA26700707E61 /* CoreGraphics.framework */,
				EF6955B51ABCA26700707E61 /* CoreLocation.framework */,
				EF6955B61ABCA26700707E61 /* libsqlite3.dylib */,
				EF6955B71ABCA26700707E61 /* libz.dylib */,
				EF6955B81ABCA26700707E61 /* MobileCoreServices.framework */,
				EF6955B91ABCA26700707E61 /* QuartzCore.framework */,
				EF6955BA1ABCA26700707E61 /* Security.framework */,
				EF6955BB1ABCA26700707E61 /* StoreKit.framework */,
				EF6955BC1ABCA26700707E61 /* SystemConfiguration.framework */,
				EF6955A81ABCA20500707E61 /* Bolts.framework */,
				EF6955A91ABCA20500707E61 /* Parse.framework */,
				EF6955AA1ABCA20500707E61 /* ParseCrashReporting.framework */,
				EF6955AB1ABCA20500707E61 /* ParseFacebookUtils.framework */,
				EF6955AC1ABCA20500707E61 /* ParseUI.framework */,
			);
			name = Frameworks;
			sourceTree = "<group>";
		};
		EF6955DA1AC0054800707E61 /* Controllers */ = {
			isa = PBXGroup;
			children = (
				EF6955CC1ABE9D1C00707E61 /* initialViewController.h */,
				EF6955CD1ABE9D1C00707E61 /* initialViewController.m */,
				EF6955CF1ABE9D7A00707E61 /* bobLogInViewController.h */,
				EF6955D01ABE9D7A00707E61 /* bobLogInViewController.m */,
				EF6955D21ABE9DB400707E61 /* bobSignUpViewController.h */,
				EF6955D31ABE9DB400707E61 /* bobSignUpViewController.m */,
				EF0CF5DB1ACD46A7005B4EFA /* categoriesViewController.h */,
				EF0CF5DC1ACD46A7005B4EFA /* categoriesViewController.m */,
			);
			name = Controllers;
			sourceTree = "<group>";
		};
		EFE694421ACD926300B1131D /* Archived */ = {
			isa = PBXGroup;
			children = (
				EF6955851ABCA15500707E61 /* bobMainViewController.h */,
				EF6955861ABCA15500707E61 /* bobMainViewController.m */,
				EF6955881ABCA15500707E61 /* trendingQuestionsViewController.h */,
				EF6955891ABCA15500707E61 /* trendingQuestionsViewController.m */,
			);
			name = Archived;
			sourceTree = "<group>";
		};
/* End PBXGroup section */

/* Begin PBXNativeTarget section */
		EF69557A1ABCA15500707E61 /* Bob */ = {
			isa = PBXNativeTarget;
			buildConfigurationList = EF6955A11ABCA15500707E61 /* Build configuration list for PBXNativeTarget "Bob" */;
			buildPhases = (
				EF6955771ABCA15500707E61 /* Sources */,
				EF6955781ABCA15500707E61 /* Frameworks */,
				EF6955791ABCA15500707E61 /* Resources */,
			);
			buildRules = (
			);
			dependencies = (
			);
			name = Bob;
			productName = Bob;
			productReference = EF69557B1ABCA15500707E61 /* Bob.app */;
			productType = "com.apple.product-type.application";
		};
		EF6955961ABCA15500707E61 /* BobTests */ = {
			isa = PBXNativeTarget;
			buildConfigurationList = EF6955A41ABCA15500707E61 /* Build configuration list for PBXNativeTarget "BobTests" */;
			buildPhases = (
				EF6955931ABCA15500707E61 /* Sources */,
				EF6955941ABCA15500707E61 /* Frameworks */,
				EF6955951ABCA15500707E61 /* Resources */,
			);
			buildRules = (
			);
			dependencies = (
				EF6955991ABCA15500707E61 /* PBXTargetDependency */,
			);
			name = BobTests;
			productName = BobTests;
			productReference = EF6955971ABCA15500707E61 /* BobTests.xctest */;
			productType = "com.apple.product-type.bundle.unit-test";
		};
/* End PBXNativeTarget section */

/* Begin PBXProject section */
		EF6955731ABCA15500707E61 /* Project object */ = {
			isa = PBXProject;
			attributes = {
				LastUpgradeCheck = 0620;
				ORGANIZATIONNAME = "Peter Gow";
				TargetAttributes = {
					EF69557A1ABCA15500707E61 = {
						CreatedOnToolsVersion = 6.2;
					};
					EF6955961ABCA15500707E61 = {
						CreatedOnToolsVersion = 6.2;
						TestTargetID = EF69557A1ABCA15500707E61;
					};
				};
			};
			buildConfigurationList = EF6955761ABCA15500707E61 /* Build configuration list for PBXProject "Bob" */;
			compatibilityVersion = "Xcode 3.2";
			developmentRegion = English;
			hasScannedForEncodings = 0;
			knownRegions = (
				en,
				Base,
			);
			mainGroup = EF6955721ABCA15500707E61;
			productRefGroup = EF69557C1ABCA15500707E61 /* Products */;
			projectDirPath = "";
			projectRoot = "";
			targets = (
				EF69557A1ABCA15500707E61 /* Bob */,
				EF6955961ABCA15500707E61 /* BobTests */,
			);
		};
/* End PBXProject section */

/* Begin PBXResourcesBuildPhase section */
		EF6955791ABCA15500707E61 /* Resources */ = {
			isa = PBXResourcesBuildPhase;
			buildActionMask = 2147483647;
			files = (
				EF69558D1ABCA15500707E61 /* Main.storyboard in Resources */,
				EF6955921ABCA15500707E61 /* LaunchScreen.xib in Resources */,
				EF69558F1ABCA15500707E61 /* Images.xcassets in Resources */,
			);
			runOnlyForDeploymentPostprocessing = 0;
		};
		EF6955951ABCA15500707E61 /* Resources */ = {
			isa = PBXResourcesBuildPhase;
			buildActionMask = 2147483647;
			files = (
			);
			runOnlyForDeploymentPostprocessing = 0;
		};
/* End PBXResourcesBuildPhase section */

/* Begin PBXSourcesBuildPhase section */
		EF6955771ABCA15500707E61 /* Sources */ = {
			isa = PBXSourcesBuildPhase;
			buildActionMask = 2147483647;
			files = (
				EF69558A1ABCA15500707E61 /* trendingQuestionsViewController.m in Sources */,
				EF6955841ABCA15500707E61 /* AppDelegate.m in Sources */,
				EF0CF5DD1ACD46A7005B4EFA /* categoriesViewController.m in Sources */,
				EF6955CE1ABE9D1C00707E61 /* initialViewController.m in Sources */,
				EF6955871ABCA15500707E61 /* bobMainViewController.m in Sources */,
				EF6955D41ABE9DB400707E61 /* bobSignUpViewController.m in Sources */,
				EF6955D11ABE9D7A00707E61 /* bobLogInViewController.m in Sources */,
				EF6955811ABCA15500707E61 /* main.m in Sources */,
			);
			runOnlyForDeploymentPostprocessing = 0;
		};
		EF6955931ABCA15500707E61 /* Sources */ = {
			isa = PBXSourcesBuildPhase;
			buildActionMask = 2147483647;
			files = (
				EF69559E1ABCA15500707E61 /* BobTests.m in Sources */,
			);
			runOnlyForDeploymentPostprocessing = 0;
		};
/* End PBXSourcesBuildPhase section */

/* Begin PBXTargetDependency section */
		EF6955991ABCA15500707E61 /* PBXTargetDependency */ = {
			isa = PBXTargetDependency;
			target = EF69557A1ABCA15500707E61 /* Bob */;
			targetProxy = EF6955981ABCA15500707E61 /* PBXContainerItemProxy */;
		};
/* End PBXTargetDependency section */

/* Begin PBXVariantGroup section */
		EF69558B1ABCA15500707E61 /* Main.storyboard */ = {
			isa = PBXVariantGroup;
			children = (
				EF69558C1ABCA15500707E61 /* Base */,
			);
			name = Main.storyboard;
			sourceTree = "<group>";
		};
		EF6955901ABCA15500707E61 /* LaunchScreen.xib */ = {
			isa = PBXVariantGroup;
			children = (
				EF6955911ABCA15500707E61 /* Base */,
			);
			name = LaunchScreen.xib;
			sourceTree = "<group>";
		};
/* End PBXVariantGroup section */

/* Begin XCBuildConfiguration section */
		EF69559F1ABCA15500707E61 /* Debug */ = {
			isa = XCBuildConfiguration;
			buildSettings = {
				ALWAYS_SEARCH_USER_PATHS = NO;
				CLANG_CXX_LANGUAGE_STANDARD = "gnu++0x";
				CLANG_CXX_LIBRARY = "libc++";
				CLANG_ENABLE_MODULES = YES;
				CLANG_ENABLE_OBJC_ARC = YES;
				CLANG_WARN_BOOL_CONVERSION = YES;
				CLANG_WARN_CONSTANT_CONVERSION = YES;
				CLANG_WARN_DIRECT_OBJC_ISA_USAGE = YES_ERROR;
				CLANG_WARN_EMPTY_BODY = YES;
				CLANG_WARN_ENUM_CONVERSION = YES;
				CLANG_WARN_INT_CONVERSION = YES;
				CLANG_WARN_OBJC_ROOT_CLASS = YES_ERROR;
				CLANG_WARN_UNREACHABLE_CODE = YES;
				CLANG_WARN__DUPLICATE_METHOD_MATCH = YES;
				"CODE_SIGN_IDENTITY[sdk=iphoneos*]" = "iPhone Developer";
				COPY_PHASE_STRIP = NO;
				ENABLE_STRICT_OBJC_MSGSEND = YES;
				GCC_C_LANGUAGE_STANDARD = gnu99;
				GCC_DYNAMIC_NO_PIC = NO;
				GCC_OPTIMIZATION_LEVEL = 0;
				GCC_PREPROCESSOR_DEFINITIONS = (
					"DEBUG=1",
					"$(inherited)",
				);
				GCC_SYMBOLS_PRIVATE_EXTERN = NO;
				GCC_WARN_64_TO_32_BIT_CONVERSION = YES;
				GCC_WARN_ABOUT_RETURN_TYPE = YES_ERROR;
				GCC_WARN_UNDECLARED_SELECTOR = YES;
				GCC_WARN_UNINITIALIZED_AUTOS = YES_AGGRESSIVE;
				GCC_WARN_UNUSED_FUNCTION = YES;
				GCC_WARN_UNUSED_VARIABLE = YES;
				IPHONEOS_DEPLOYMENT_TARGET = 8.2;
				MTL_ENABLE_DEBUG_INFO = YES;
				ONLY_ACTIVE_ARCH = YES;
				SDKROOT = iphoneos;
				TARGETED_DEVICE_FAMILY = "1,2";
			};
			name = Debug;
		};
		EF6955A01ABCA15500707E61 /* Release */ = {
			isa = XCBuildConfiguration;
			buildSettings = {
				ALWAYS_SEARCH_USER_PATHS = NO;
				CLANG_CXX_LANGUAGE_STANDARD = "gnu++0x";
				CLANG_CXX_LIBRARY = "libc++";
				CLANG_ENABLE_MODULES = YES;
				CLANG_ENABLE_OBJC_ARC = YES;
				CLANG_WARN_BOOL_CONVERSION = YES;
				CLANG_WARN_CONSTANT_CONVERSION = YES;
				CLANG_WARN_DIRECT_OBJC_ISA_USAGE = YES_ERROR;
				CLANG_WARN_EMPTY_BODY = YES;
				CLANG_WARN_ENUM_CONVERSION = YES;
				CLANG_WARN_INT_CONVERSION = YES;
				CLANG_WARN_OBJC_ROOT_CLASS = YES_ERROR;
				CLANG_WARN_UNREACHABLE_CODE = YES;
				CLANG_WARN__DUPLICATE_METHOD_MATCH = YES;
				"CODE_SIGN_IDENTITY[sdk=iphoneos*]" = "iPhone Developer";
				COPY_PHASE_STRIP = NO;
				ENABLE_NS_ASSERTIONS = NO;
				ENABLE_STRICT_OBJC_MSGSEND = YES;
				GCC_C_LANGUAGE_STANDARD = gnu99;
				GCC_WARN_64_TO_32_BIT_CONVERSION = YES;
				GCC_WARN_ABOUT_RETURN_TYPE = YES_ERROR;
				GCC_WARN_UNDECLARED_SELECTOR = YES;
				GCC_WARN_UNINITIALIZED_AUTOS = YES_AGGRESSIVE;
				GCC_WARN_UNUSED_FUNCTION = YES;
				GCC_WARN_UNUSED_VARIABLE = YES;
				IPHONEOS_DEPLOYMENT_TARGET = 8.2;
				MTL_ENABLE_DEBUG_INFO = NO;
				SDKROOT = iphoneos;
				TARGETED_DEVICE_FAMILY = "1,2";
				VALIDATE_PRODUCT = YES;
			};
			name = Release;
		};
		EF6955A21ABCA15500707E61 /* Debug */ = {
			isa = XCBuildConfiguration;
			buildSettings = {
				ASSETCATALOG_COMPILER_APPICON_NAME = AppIcon;
				FRAMEWORK_SEARCH_PATHS = (
					"$(inherited)",
					"$(PROJECT_DIR)",
				);
				INFOPLIST_FILE = Bob/Info.plist;
				LD_RUNPATH_SEARCH_PATHS = "$(inherited) @executable_path/Frameworks";
				PRODUCT_NAME = "$(TARGET_NAME)";
			};
			name = Debug;
		};
		EF6955A31ABCA15500707E61 /* Release */ = {
			isa = XCBuildConfiguration;
			buildSettings = {
				ASSETCATALOG_COMPILER_APPICON_NAME = AppIcon;
				FRAMEWORK_SEARCH_PATHS = (
					"$(inherited)",
					"$(PROJECT_DIR)",
				);
				INFOPLIST_FILE = Bob/Info.plist;
				LD_RUNPATH_SEARCH_PATHS = "$(inherited) @executable_path/Frameworks";
				PRODUCT_NAME = "$(TARGET_NAME)";
			};
			name = Release;
		};
		EF6955A51ABCA15500707E61 /* Debug */ = {
			isa = XCBuildConfiguration;
			buildSettings = {
				BUNDLE_LOADER = "$(TEST_HOST)";
				FRAMEWORK_SEARCH_PATHS = (
					"$(SDKROOT)/Developer/Library/Frameworks",
					"$(inherited)",
				);
				GCC_PREPROCESSOR_DEFINITIONS = (
					"DEBUG=1",
					"$(inherited)",
				);
				INFOPLIST_FILE = BobTests/Info.plist;
				LD_RUNPATH_SEARCH_PATHS = "$(inherited) @executable_path/Frameworks @loader_path/Frameworks";
				PRODUCT_NAME = "$(TARGET_NAME)";
				TEST_HOST = "$(BUILT_PRODUCTS_DIR)/Bob.app/Bob";
			};
			name = Debug;
		};
		EF6955A61ABCA15500707E61 /* Release */ = {
			isa = XCBuildConfiguration;
			buildSettings = {
				BUNDLE_LOADER = "$(TEST_HOST)";
				FRAMEWORK_SEARCH_PATHS = (
					"$(SDKROOT)/Developer/Library/Frameworks",
					"$(inherited)",
				);
				INFOPLIST_FILE = BobTests/Info.plist;
				LD_RUNPATH_SEARCH_PATHS = "$(inherited) @executable_path/Frameworks @loader_path/Frameworks";
				PRODUCT_NAME = "$(TARGET_NAME)";
				TEST_HOST = "$(BUILT_PRODUCTS_DIR)/Bob.app/Bob";
			};
			name = Release;
		};
/* End XCBuildConfiguration section */

/* Begin XCConfigurationList section */
		EF6955761ABCA15500707E61 /* Build configuration list for PBXProject "Bob" */ = {
			isa = XCConfigurationList;
			buildConfigurations = (
				EF69559F1ABCA15500707E61 /* Debug */,
				EF6955A01ABCA15500707E61 /* Release */,
			);
			defaultConfigurationIsVisible = 0;
			defaultConfigurationName = Release;
		};
		EF6955A11ABCA15500707E61 /* Build configuration list for PBXNativeTarget "Bob" */ = {
			isa = XCConfigurationList;
			buildConfigurations = (
				EF6955A21ABCA15500707E61 /* Debug */,
				EF6955A31ABCA15500707E61 /* Release */,
			);
			defaultConfigurationIsVisible = 0;
			defaultConfigurationName = Release;
		};
		EF6955A41ABCA15500707E61 /* Build configuration list for PBXNativeTarget "BobTests" */ = {
			isa = XCConfigurationList;
			buildConfigurations = (
				EF6955A51ABCA15500707E61 /* Debug */,
				EF6955A61ABCA15500707E61 /* Release */,
			);
			defaultConfigurationIsVisible = 0;
			defaultConfigurationName = Release;
		};
/* End XCConfigurationList section */
	};
	rootObject = EF6955731ABCA15500707E61 /* Project object */;
}
