// !$*UTF8*$!
{
	archiveVersion = 1;
	classes = {
	};
	objectVersion = 46;
	objects = {

/* Begin PBXBuildFile section */
		EF6955811ABCA15500707E61 /* main.m in Sources */ = {isa = PBXBuildFile; fileRef = EF6955801ABCA15500707E61 /* main.m */; };
		EF6955841ABCA15500707E61 /* AppDelegate.m in Sources */ = {isa = PBXBuildFile; fileRef = EF6955831ABCA15500707E61 /* AppDelegate.m */; };
		EF6955871ABCA15500707E61 /* FirstViewController.m in Sources */ = {isa = PBXBuildFile; fileRef = EF6955861ABCA15500707E61 /* FirstViewController.m */; };
		EF69558A1ABCA15500707E61 /* SecondViewController.m in Sources */ = {isa = PBXBuildFile; fileRef = EF6955891ABCA15500707E61 /* SecondViewController.m */; };
		EF69558D1ABCA15500707E61 /* Main.storyboard in Resources */ = {isa = PBXBuildFile; fileRef = EF69558B1ABCA15500707E61 /* Main.storyboard */; };
		EF69558F1ABCA15500707E61 /* Images.xcassets in Resources */ = {isa = PBXBuildFile; fileRef = EF69558E1ABCA15500707E61 /* Images.xcassets */; };
		EF6955921ABCA15500707E61 /* LaunchScreen.xib in Resources */ = {isa = PBXBuildFile; fileRef = EF6955901ABCA15500707E61 /* LaunchScreen.xib */; };
		EF69559E1ABCA15500707E61 /* BobTests.m in Sources */ = {isa = PBXBuildFile; fileRef = EF69559D1ABCA15500707E61 /* BobTests.m */; };
/* End PBXBuildFile section */

/* Begin PBXContainerItemProxy section */
		EF6955981ABCA15500707E61 /* PBXContainerItemProxy */ = {
			isa = PBXContainerItemProxy;
			containerPortal = EF6955731ABCA15500707E61 /* Project object */;
			proxyType = 1;
			remoteGlobalIDString = EF69557A1ABCA15500707E61;
			remoteInfo = Bob;
		};
/* End PBXContainerItemProxy section */

/* Begin PBXFileReference section */
		EF69557B1ABCA15500707E61 /* Bob.app */ = {isa = PBXFileReference; explicitFileType = wrapper.application; includeInIndex = 0; path = Bob.app; sourceTree = BUILT_PRODUCTS_DIR; };
		EF69557F1ABCA15500707E61 /* Info.plist */ = {isa = PBXFileReference; lastKnownFileType = text.plist.xml; path = Info.plist; sourceTree = "<group>"; };
		EF6955801ABCA15500707E61 /* main.m */ = {isa = PBXFileReference; lastKnownFileType = sourcecode.c.objc; path = main.m; sourceTree = "<group>"; };
		EF6955821ABCA15500707E61 /* AppDelegate.h */ = {isa = PBXFileReference; lastKnownFileType = sourcecode.c.h; path = AppDelegate.h; sourceTree = "<group>"; };
		EF6955831ABCA15500707E61 /* AppDelegate.m */ = {isa = PBXFileReference; lastKnownFileType = sourcecode.c.objc; path = AppDelegate.m; sourceTree = "<group>"; };
		EF6955851ABCA15500707E61 /* FirstViewController.h */ = {isa = PBXFileReference; lastKnownFileType = sourcecode.c.h; path = FirstViewController.h; sourceTree = "<group>"; };
		EF6955861ABCA15500707E61 /* FirstViewController.m */ = {isa = PBXFileReference; lastKnownFileType = sourcecode.c.objc; path = FirstViewController.m; sourceTree = "<group>"; };
		EF6955881ABCA15500707E61 /* SecondViewController.h */ = {isa = PBXFileReference; lastKnownFileType = sourcecode.c.h; path = SecondViewController.h; sourceTree = "<group>"; };
		EF6955891ABCA15500707E61 /* SecondViewController.m */ = {isa = PBXFileReference; lastKnownFileType = sourcecode.c.objc; path = SecondViewController.m; sourceTree = "<group>"; };
		EF69558C1ABCA15500707E61 /* Base */ = {isa = PBXFileReference; lastKnownFileType = file.storyboard; name = Base; path = Base.lproj/Main.storyboard; sourceTree = "<group>"; };
		EF69558E1ABCA15500707E61 /* Images.xcassets */ = {isa = PBXFileReference; lastKnownFileType = folder.assetcatalog; path = Images.xcassets; sourceTree = "<group>"; };
		EF6955911ABCA15500707E61 /* Base */ = {isa = PBXFileReference; lastKnownFileType = file.xib; name = Base; path = Base.lproj/LaunchScreen.xib; sourceTree = "<group>"; };
		EF6955971ABCA15500707E61 /* BobTests.xctest */ = {isa = PBXFileReference; explicitFileType = wrapper.cfbundle; includeInIndex = 0; path = BobTests.xctest; sourceTree = BUILT_PRODUCTS_DIR; };
		EF69559C1ABCA15500707E61 /* Info.plist */ = {isa = PBXFileReference; lastKnownFileType = text.plist.xml; path = Info.plist; sourceTree = "<group>"; };
		EF69559D1ABCA15500707E61 /* BobTests.m */ = {isa = PBXFileReference; lastKnownFileType = sourcecode.c.objc; path = BobTests.m; sourceTree = "<group>"; };
/* End PBXFileReference section */

/* Begin PBXFrameworksBuildPhase section */
		EF6955781ABCA15500707E61 /* Frameworks */ = {
			isa = PBXFrameworksBuildPhase;
			buildActionMask = 2147483647;
			files = (
			);
			runOnlyForDeploymentPostprocessing = 0;
		};
		EF6955941ABCA15500707E61 /* Frameworks */ = {
			isa = PBXFrameworksBuildPhase;
			buildActionMask = 2147483647;
			files = (
			);
			runOnlyForDeploymentPostprocessing = 0;
		};
/* End PBXFrameworksBuildPhase section */

/* Begin PBXGroup section */
		EF6955721ABCA15500707E61 = {
			isa = PBXGroup;
			children = (
				EF69557D1ABCA15500707E61 /* Bob */,
				EF69559A1ABCA15500707E61 /* BobTests */,
				EF69557C1ABCA15500707E61 /* Products */,
			);
			sourceTree = "<group>";
		};
		EF69557C1ABCA15500707E61 /* Products */ = {
			isa = PBXGroup;
			children = (
				EF69557B1ABCA15500707E61 /* Bob.app */,
				EF6955971ABCA15500707E61 /* BobTests.xctest */,
			);
			name = Products;
			sourceTree = "<group>";
		};
		EF69557D1ABCA15500707E61 /* Bob */ = {
			isa = PBXGroup;
			children = (
				EF6955821ABCA15500707E61 /* AppDelegate.h */,
				EF6955831ABCA15500707E61 /* AppDelegate.m */,
				EF6955851ABCA15500707E61 /* FirstViewController.h */,
				EF6955861ABCA15500707E61 /* FirstViewController.m */,
				EF6955881ABCA15500707E61 /* SecondViewController.h */,
				EF6955891ABCA15500707E61 /* SecondViewController.m */,
				EF69558B1ABCA15500707E61 /* Main.storyboard */,
				EF69558E1ABCA15500707E61 /* Images.xcassets */,
				EF6955901ABCA15500707E61 /* LaunchScreen.xib */,
				EF69557E1ABCA15500707E61 /* Supporting Files */,
			);
			path = Bob;
			sourceTree = "<group>";
		};
		EF69557E1ABCA15500707E61 /* Supporting Files */ = {
			isa = PBXGroup;
			children = (
				EF69557F1ABCA15500707E61 /* Info.plist */,
				EF6955801ABCA15500707E61 /* main.m */,
			);
			name = "Supporting Files";
			sourceTree = "<group>";
		};
		EF69559A1ABCA15500707E61 /* BobTests */ = {
			isa = PBXGroup;
			children = (
				EF69559D1ABCA15500707E61 /* BobTests.m */,
				EF69559B1ABCA15500707E61 /* Supporting Files */,
			);
			path = BobTests;
			sourceTree = "<group>";
		};
		EF69559B1ABCA15500707E61 /* Supporting Files */ = {
			isa = PBXGroup;
			children = (
				EF69559C1ABCA15500707E61 /* Info.plist */,
			);
			name = "Supporting Files";
			sourceTree = "<group>";
		};
/* End PBXGroup section */

/* Begin PBXNativeTarget section */
		EF69557A1ABCA15500707E61 /* Bob */ = {
			isa = PBXNativeTarget;
			buildConfigurationList = EF6955A11ABCA15500707E61 /* Build configuration list for PBXNativeTarget "Bob" */;
			buildPhases = (
				EF6955771ABCA15500707E61 /* Sources */,
				EF6955781ABCA15500707E61 /* Frameworks */,
				EF6955791ABCA15500707E61 /* Resources */,
			);
			buildRules = (
			);
			dependencies = (
			);
			name = Bob;
			productName = Bob;
			productReference = EF69557B1ABCA15500707E61 /* Bob.app */;
			productType = "com.apple.product-type.application";
		};
		EF6955961ABCA15500707E61 /* BobTests */ = {
			isa = PBXNativeTarget;
			buildConfigurationList = EF6955A41ABCA15500707E61 /* Build configuration list for PBXNativeTarget "BobTests" */;
			buildPhases = (
				EF6955931ABCA15500707E61 /* Sources */,
				EF6955941ABCA15500707E61 /* Frameworks */,
				EF6955951ABCA15500707E61 /* Resources */,
			);
			buildRules = (
			);
			dependencies = (
				EF6955991ABCA15500707E61 /* PBXTargetDependency */,
			);
			name = BobTests;
			productName = BobTests;
			productReference = EF6955971ABCA15500707E61 /* BobTests.xctest */;
			productType = "com.apple.product-type.bundle.unit-test";
		};
/* End PBXNativeTarget section */

/* Begin PBXProject section */
		EF6955731ABCA15500707E61 /* Project object */ = {
			isa = PBXProject;
			attributes = {
				LastUpgradeCheck = 0620;
				ORGANIZATIONNAME = "Peter Gow";
				TargetAttributes = {
					EF69557A1ABCA15500707E61 = {
						CreatedOnToolsVersion = 6.2;
					};
					EF6955961ABCA15500707E61 = {
						CreatedOnToolsVersion = 6.2;
						TestTargetID = EF69557A1ABCA15500707E61;
					};
				};
			};
			buildConfigurationList = EF6955761ABCA15500707E61 /* Build configuration list for PBXProject "Bob" */;
			compatibilityVersion = "Xcode 3.2";
			developmentRegion = English;
			hasScannedForEncodings = 0;
			knownRegions = (
				en,
				Base,
			);
			mainGroup = EF6955721ABCA15500707E61;
			productRefGroup = EF69557C1ABCA15500707E61 /* Products */;
			projectDirPath = "";
			projectRoot = "";
			targets = (
				EF69557A1ABCA15500707E61 /* Bob */,
				EF6955961ABCA15500707E61 /* BobTests */,
			);
		};
/* End PBXProject section */

/* Begin PBXResourcesBuildPhase section */
		EF6955791ABCA15500707E61 /* Resources */ = {
			isa = PBXResourcesBuildPhase;
			buildActionMask = 2147483647;
			files = (
				EF69558D1ABCA15500707E61 /* Main.storyboard in Resources */,
				EF6955921ABCA15500707E61 /* LaunchScreen.xib in Resources */,
				EF69558F1ABCA15500707E61 /* Images.xcassets in Resources */,
			);
			runOnlyForDeploymentPostprocessing = 0;
		};
		EF6955951ABCA15500707E61 /* Resources */ = {
			isa = PBXResourcesBuildPhase;
			buildActionMask = 2147483647;
			files = (
			);
			runOnlyForDeploymentPostprocessing = 0;
		};
/* End PBXResourcesBuildPhase section */

/* Begin PBXSourcesBuildPhase section */
		EF6955771ABCA15500707E61 /* Sources */ = {
			isa = PBXSourcesBuildPhase;
			buildActionMask = 2147483647;
			files = (
				EF69558A1ABCA15500707E61 /* SecondViewController.m in Sources */,
				EF6955841ABCA15500707E61 /* AppDelegate.m in Sources */,
				EF6955871ABCA15500707E61 /* FirstViewController.m in Sources */,
				EF6955811ABCA15500707E61 /* main.m in Sources */,
			);
			runOnlyForDeploymentPostprocessing = 0;
		};
		EF6955931ABCA15500707E61 /* Sources */ = {
			isa = PBXSourcesBuildPhase;
			buildActionMask = 2147483647;
			files = (
				EF69559E1ABCA15500707E61 /* BobTests.m in Sources */,
			);
			runOnlyForDeploymentPostprocessing = 0;
		};
/* End PBXSourcesBuildPhase section */

/* Begin PBXTargetDependency section */
		EF6955991ABCA15500707E61 /* PBXTargetDependency */ = {
			isa = PBXTargetDependency;
			target = EF69557A1ABCA15500707E61 /* Bob */;
			targetProxy = EF6955981ABCA15500707E61 /* PBXContainerItemProxy */;
		};
/* End PBXTargetDependency section */

/* Begin PBXVariantGroup section */
		EF69558B1ABCA15500707E61 /* Main.storyboard */ = {
			isa = PBXVariantGroup;
			children = (
				EF69558C1ABCA15500707E61 /* Base */,
			);
			name = Main.storyboard;
			sourceTree = "<group>";
		};
		EF6955901ABCA15500707E61 /* LaunchScreen.xib */ = {
			isa = PBXVariantGroup;
			children = (
				EF6955911ABCA15500707E61 /* Base */,
			);
			name = LaunchScreen.xib;
			sourceTree = "<group>";
		};
/* End PBXVariantGroup section */

/* Begin XCBuildConfiguration section */
		EF69559F1ABCA15500707E61 /* Debug */ = {
			isa = XCBuildConfiguration;
			buildSettings = {
				ALWAYS_SEARCH_USER_PATHS = NO;
				CLANG_CXX_LANGUAGE_STANDARD = "gnu++0x";
				CLANG_CXX_LIBRARY = "libc++";
				CLANG_ENABLE_MODULES = YES;
				CLANG_ENABLE_OBJC_ARC = YES;
				CLANG_WARN_BOOL_CONVERSION = YES;
				CLANG_WARN_CONSTANT_CONVERSION = YES;
				CLANG_WARN_DIRECT_OBJC_ISA_USAGE = YES_ERROR;
				CLANG_WARN_EMPTY_BODY = YES;
				CLANG_WARN_ENUM_CONVERSION = YES;
				CLANG_WARN_INT_CONVERSION = YES;
				CLANG_WARN_OBJC_ROOT_CLASS = YES_ERROR;
				CLANG_WARN_UNREACHABLE_CODE = YES;
				CLANG_WARN__DUPLICATE_METHOD_MATCH = YES;
				"CODE_SIGN_IDENTITY[sdk=iphoneos*]" = "iPhone Developer";
				COPY_PHASE_STRIP = NO;
				ENABLE_STRICT_OBJC_MSGSEND = YES;
				GCC_C_LANGUAGE_STANDARD = gnu99;
				GCC_DYNAMIC_NO_PIC = NO;
				GCC_OPTIMIZATION_LEVEL = 0;
				GCC_PREPROCESSOR_DEFINITIONS = (
					"DEBUG=1",
					"$(inherited)",
				);
				GCC_SYMBOLS_PRIVATE_EXTERN = NO;
				GCC_WARN_64_TO_32_BIT_CONVERSION = YES;
				GCC_WARN_ABOUT_RETURN_TYPE = YES_ERROR;
				GCC_WARN_UNDECLARED_SELECTOR = YES;
				GCC_WARN_UNINITIALIZED_AUTOS = YES_AGGRESSIVE;
				GCC_WARN_UNUSED_FUNCTION = YES;
				GCC_WARN_UNUSED_VARIABLE = YES;
				IPHONEOS_DEPLOYMENT_TARGET = 8.2;
				MTL_ENABLE_DEBUG_INFO = YES;
				ONLY_ACTIVE_ARCH = YES;
				SDKROOT = iphoneos;
				TARGETED_DEVICE_FAMILY = "1,2";
			};
			name = Debug;
		};
		EF6955A01ABCA15500707E61 /* Release */ = {
			isa = XCBuildConfiguration;
			buildSettings = {
				ALWAYS_SEARCH_USER_PATHS = NO;
				CLANG_CXX_LANGUAGE_STANDARD = "gnu++0x";
				CLANG_CXX_LIBRARY = "libc++";
				CLANG_ENABLE_MODULES = YES;
				CLANG_ENABLE_OBJC_ARC = YES;
				CLANG_WARN_BOOL_CONVERSION = YES;
				CLANG_WARN_CONSTANT_CONVERSION = YES;
				CLANG_WARN_DIRECT_OBJC_ISA_USAGE = YES_ERROR;
				CLANG_WARN_EMPTY_BODY = YES;
				CLANG_WARN_ENUM_CONVERSION = YES;
				CLANG_WARN_INT_CONVERSION = YES;
				CLANG_WARN_OBJC_ROOT_CLASS = YES_ERROR;
				CLANG_WARN_UNREACHABLE_CODE = YES;
				CLANG_WARN__DUPLICATE_METHOD_MATCH = YES;
				"CODE_SIGN_IDENTITY[sdk=iphoneos*]" = "iPhone Developer";
				COPY_PHASE_STRIP = NO;
				ENABLE_NS_ASSERTIONS = NO;
				ENABLE_STRICT_OBJC_MSGSEND = YES;
				GCC_C_LANGUAGE_STANDARD = gnu99;
				GCC_WARN_64_TO_32_BIT_CONVERSION = YES;
				GCC_WARN_ABOUT_RETURN_TYPE = YES_ERROR;
				GCC_WARN_UNDECLARED_SELECTOR = YES;
				GCC_WARN_UNINITIALIZED_AUTOS = YES_AGGRESSIVE;
				GCC_WARN_UNUSED_FUNCTION = YES;
				GCC_WARN_UNUSED_VARIABLE = YES;
				IPHONEOS_DEPLOYMENT_TARGET = 8.2;
				MTL_ENABLE_DEBUG_INFO = NO;
				SDKROOT = iphoneos;
				TARGETED_DEVICE_FAMILY = "1,2";
				VALIDATE_PRODUCT = YES;
			};
			name = Release;
		};
		EF6955A21ABCA15500707E61 /* Debug */ = {
			isa = XCBuildConfiguration;
			buildSettings = {
				ASSETCATALOG_COMPILER_APPICON_NAME = AppIcon;
				INFOPLIST_FILE = Bob/Info.plist;
				LD_RUNPATH_SEARCH_PATHS = "$(inherited) @executable_path/Frameworks";
				PRODUCT_NAME = "$(TARGET_NAME)";
			};
			name = Debug;
		};
		EF6955A31ABCA15500707E61 /* Release */ = {
			isa = XCBuildConfiguration;
			buildSettings = {
				ASSETCATALOG_COMPILER_APPICON_NAME = AppIcon;
				INFOPLIST_FILE = Bob/Info.plist;
				LD_RUNPATH_SEARCH_PATHS = "$(inherited) @executable_path/Frameworks";
				PRODUCT_NAME = "$(TARGET_NAME)";
			};
			name = Release;
		};
		EF6955A51ABCA15500707E61 /* Debug */ = {
			isa = XCBuildConfiguration;
			buildSettings = {
				BUNDLE_LOADER = "$(TEST_HOST)";
				FRAMEWORK_SEARCH_PATHS = (
					"$(SDKROOT)/Developer/Library/Frameworks",
					"$(inherited)",
				);
				GCC_PREPROCESSOR_DEFINITIONS = (
					"DEBUG=1",
					"$(inherited)",
				);
				INFOPLIST_FILE = BobTests/Info.plist;
				LD_RUNPATH_SEARCH_PATHS = "$(inherited) @executable_path/Frameworks @loader_path/Frameworks";
				PRODUCT_NAME = "$(TARGET_NAME)";
				TEST_HOST = "$(BUILT_PRODUCTS_DIR)/Bob.app/Bob";
			};
			name = Debug;
		};
		EF6955A61ABCA15500707E61 /* Release */ = {
			isa = XCBuildConfiguration;
			buildSettings = {
				BUNDLE_LOADER = "$(TEST_HOST)";
				FRAMEWORK_SEARCH_PATHS = (
					"$(SDKROOT)/Developer/Library/Frameworks",
					"$(inherited)",
				);
				INFOPLIST_FILE = BobTests/Info.plist;
				LD_RUNPATH_SEARCH_PATHS = "$(inherited) @executable_path/Frameworks @loader_path/Frameworks";
				PRODUCT_NAME = "$(TARGET_NAME)";
				TEST_HOST = "$(BUILT_PRODUCTS_DIR)/Bob.app/Bob";
			};
			name = Release;
		};
/* End XCBuildConfiguration section */

/* Begin XCConfigurationList section */
		EF6955761ABCA15500707E61 /* Build configuration list for PBXProject "Bob" */ = {
			isa = XCConfigurationList;
			buildConfigurations = (
				EF69559F1ABCA15500707E61 /* Debug */,
				EF6955A01ABCA15500707E61 /* Release */,
			);
			defaultConfigurationIsVisible = 0;
			defaultConfigurationName = Release;
		};
		EF6955A11ABCA15500707E61 /* Build configuration list for PBXNativeTarget "Bob" */ = {
			isa = XCConfigurationList;
			buildConfigurations = (
				EF6955A21ABCA15500707E61 /* Debug */,
				EF6955A31ABCA15500707E61 /* Release */,
			);
			defaultConfigurationIsVisible = 0;
		};
		EF6955A41ABCA15500707E61 /* Build configuration list for PBXNativeTarget "BobTests" */ = {
			isa = XCConfigurationList;
			buildConfigurations = (
				EF6955A51ABCA15500707E61 /* Debug */,
				EF6955A61ABCA15500707E61 /* Release */,
			);
			defaultConfigurationIsVisible = 0;
		};
/* End XCConfigurationList section */
	};
	rootObject = EF6955731ABCA15500707E61 /* Project object */;
}
