// !$*UTF8*$!
{
	archiveVersion = 1;
	classes = {
	};
	objectVersion = 46;
	objects = {

/* Begin PBXBuildFile section */
		A4FE6D4213C78289648ADE4A /* libPods-Maelstrom.a in Frameworks */ = {isa = PBXBuildFile; fileRef = 8ECF89F7A84FEE42DE49B929 /* libPods-Maelstrom.a */; };
		EF0CF5DD1ACD46A7005B4EFA /* categoriesViewController.m in Sources */ = {isa = PBXBuildFile; fileRef = EF0CF5DC1ACD46A7005B4EFA /* categoriesViewController.m */; };
		EF19DC7C1ACEA29A002C75FC /* Categories.png in Resources */ = {isa = PBXBuildFile; fileRef = EF19DC761ACEA29A002C75FC /* Categories.png */; };
		EF19DC7D1ACEA29A002C75FC /* Categories@2x.png in Resources */ = {isa = PBXBuildFile; fileRef = EF19DC771ACEA29A002C75FC /* Categories@2x.png */; };
		EF19DC801ACEA29A002C75FC /* Threads.png in Resources */ = {isa = PBXBuildFile; fileRef = EF19DC7A1ACEA29A002C75FC /* Threads.png */; };
		EF19DC811ACEA29A002C75FC /* Threads@2x.png in Resources */ = {isa = PBXBuildFile; fileRef = EF19DC7B1ACEA29A002C75FC /* Threads@2x.png */; };
		EF19DC831ACF1FCF002C75FC /* LogoNavigationBar@2x.png in Resources */ = {isa = PBXBuildFile; fileRef = EF19DC821ACF1FCF002C75FC /* LogoNavigationBar@2x.png */; };
		EF19DC951ACF22EA002C75FC /* Automotive.png in Resources */ = {isa = PBXBuildFile; fileRef = EF19DC851ACF22EA002C75FC /* Automotive.png */; };
		EF19DC961ACF22EA002C75FC /* Education.png in Resources */ = {isa = PBXBuildFile; fileRef = EF19DC861ACF22EA002C75FC /* Education.png */; };
		EF19DC971ACF22EA002C75FC /* Electronics.png in Resources */ = {isa = PBXBuildFile; fileRef = EF19DC871ACF22EA002C75FC /* Electronics.png */; };
		EF19DC981ACF22EA002C75FC /* Fitness.png in Resources */ = {isa = PBXBuildFile; fileRef = EF19DC881ACF22EA002C75FC /* Fitness.png */; };
		EF19DC991ACF22EA002C75FC /* Food.png in Resources */ = {isa = PBXBuildFile; fileRef = EF19DC891ACF22EA002C75FC /* Food.png */; };
		EF19DC9A1ACF22EA002C75FC /* Gaming.png in Resources */ = {isa = PBXBuildFile; fileRef = EF19DC8A1ACF22EA002C75FC /* Gaming.png */; };
		EF19DC9B1ACF22EA002C75FC /* Graduate.png in Resources */ = {isa = PBXBuildFile; fileRef = EF19DC8B1ACF22EA002C75FC /* Graduate.png */; };
		EF19DC9C1ACF22EA002C75FC /* Home_DIY.png in Resources */ = {isa = PBXBuildFile; fileRef = EF19DC8C1ACF22EA002C75FC /* Home_DIY.png */; };
		EF19DC9D1ACF22EA002C75FC /* Jobs.png in Resources */ = {isa = PBXBuildFile; fileRef = EF19DC8D1ACF22EA002C75FC /* Jobs.png */; };
		EF19DC9E1ACF22EA002C75FC /* Money.png in Resources */ = {isa = PBXBuildFile; fileRef = EF19DC8E1ACF22EA002C75FC /* Money.png */; };
		EF19DC9F1ACF22EA002C75FC /* Movies.png in Resources */ = {isa = PBXBuildFile; fileRef = EF19DC8F1ACF22EA002C75FC /* Movies.png */; };
		EF19DCA01ACF22EA002C75FC /* Music.png in Resources */ = {isa = PBXBuildFile; fileRef = EF19DC901ACF22EA002C75FC /* Music.png */; };
		EF19DCA11ACF22EA002C75FC /* Hobbies.png in Resources */ = {isa = PBXBuildFile; fileRef = EF19DC911ACF22EA002C75FC /* Hobbies.png */; };
		EF19DCA21ACF22EA002C75FC /* Sports.png in Resources */ = {isa = PBXBuildFile; fileRef = EF19DC921ACF22EA002C75FC /* Sports.png */; };
		EF19DCA31ACF22EA002C75FC /* Travel.png in Resources */ = {isa = PBXBuildFile; fileRef = EF19DC931ACF22EA002C75FC /* Travel.png */; };
		EF19DCA41ACF22EA002C75FC /* TV.png in Resources */ = {isa = PBXBuildFile; fileRef = EF19DC941ACF22EA002C75FC /* TV.png */; };
		EF19DCA61ACF3336002C75FC /* NavigationBarShadow@2x.png in Resources */ = {isa = PBXBuildFile; fileRef = EF19DCA51ACF3336002C75FC /* NavigationBarShadow@2x.png */; };
		EF4BAB2C1AE7B44E00134BBE /* ProgressHUD.m in Sources */ = {isa = PBXBuildFile; fileRef = EF4BAB2B1AE7B44E00134BBE /* ProgressHUD.m */; };
		EF6955811ABCA15500707E61 /* main.m in Sources */ = {isa = PBXBuildFile; fileRef = EF6955801ABCA15500707E61 /* main.m */; };
		EF6955841ABCA15500707E61 /* AppDelegate.m in Sources */ = {isa = PBXBuildFile; fileRef = EF6955831ABCA15500707E61 /* AppDelegate.m */; };
		EF6955871ABCA15500707E61 /* bobMainViewController.m in Sources */ = {isa = PBXBuildFile; fileRef = EF6955861ABCA15500707E61 /* bobMainViewController.m */; };
		EF69558A1ABCA15500707E61 /* trendingQuestionsViewController.m in Sources */ = {isa = PBXBuildFile; fileRef = EF6955891ABCA15500707E61 /* trendingQuestionsViewController.m */; };
		EF69558D1ABCA15500707E61 /* Main.storyboard in Resources */ = {isa = PBXBuildFile; fileRef = EF69558B1ABCA15500707E61 /* Main.storyboard */; };
		EF69558F1ABCA15500707E61 /* Images.xcassets in Resources */ = {isa = PBXBuildFile; fileRef = EF69558E1ABCA15500707E61 /* Images.xcassets */; };
		EF6955921ABCA15500707E61 /* LaunchScreen.xib in Resources */ = {isa = PBXBuildFile; fileRef = EF6955901ABCA15500707E61 /* LaunchScreen.xib */; };
		EF69559E1ABCA15500707E61 /* MaelstromTests.m in Sources */ = {isa = PBXBuildFile; fileRef = EF69559D1ABCA15500707E61 /* MaelstromTests.m */; };
		EF6955BD1ABCA26700707E61 /* AudioToolbox.framework in Frameworks */ = {isa = PBXBuildFile; fileRef = EF6955B21ABCA26700707E61 /* AudioToolbox.framework */; };
		EF6955BE1ABCA26700707E61 /* CFNetwork.framework in Frameworks */ = {isa = PBXBuildFile; fileRef = EF6955B31ABCA26700707E61 /* CFNetwork.framework */; };
		EF6955BF1ABCA26700707E61 /* CoreGraphics.framework in Frameworks */ = {isa = PBXBuildFile; fileRef = EF6955B41ABCA26700707E61 /* CoreGraphics.framework */; };
		EF6955C01ABCA26700707E61 /* CoreLocation.framework in Frameworks */ = {isa = PBXBuildFile; fileRef = EF6955B51ABCA26700707E61 /* CoreLocation.framework */; };
		EF6955C11ABCA26700707E61 /* libsqlite3.dylib in Frameworks */ = {isa = PBXBuildFile; fileRef = EF6955B61ABCA26700707E61 /* libsqlite3.dylib */; };
		EF6955C21ABCA26700707E61 /* libz.dylib in Frameworks */ = {isa = PBXBuildFile; fileRef = EF6955B71ABCA26700707E61 /* libz.dylib */; };
		EF6955C31ABCA26700707E61 /* MobileCoreServices.framework in Frameworks */ = {isa = PBXBuildFile; fileRef = EF6955B81ABCA26700707E61 /* MobileCoreServices.framework */; };
		EF6955C41ABCA26700707E61 /* QuartzCore.framework in Frameworks */ = {isa = PBXBuildFile; fileRef = EF6955B91ABCA26700707E61 /* QuartzCore.framework */; };
		EF6955C51ABCA26700707E61 /* Security.framework in Frameworks */ = {isa = PBXBuildFile; fileRef = EF6955BA1ABCA26700707E61 /* Security.framework */; };
		EF6955C61ABCA26700707E61 /* StoreKit.framework in Frameworks */ = {isa = PBXBuildFile; fileRef = EF6955BB1ABCA26700707E61 /* StoreKit.framework */; };
		EF6955C71ABCA26700707E61 /* SystemConfiguration.framework in Frameworks */ = {isa = PBXBuildFile; fileRef = EF6955BC1ABCA26700707E61 /* SystemConfiguration.framework */; };
		EF6955CE1ABE9D1C00707E61 /* initialViewController.m in Sources */ = {isa = PBXBuildFile; fileRef = EF6955CD1ABE9D1C00707E61 /* initialViewController.m */; };
		EF6955D11ABE9D7A00707E61 /* maelstromLogInViewController.m in Sources */ = {isa = PBXBuildFile; fileRef = EF6955D01ABE9D7A00707E61 /* maelstromLogInViewController.m */; };
		EF6955D41ABE9DB400707E61 /* maelstromSignUpViewController.m in Sources */ = {isa = PBXBuildFile; fileRef = EF6955D31ABE9DB400707E61 /* maelstromSignUpViewController.m */; };
		EF6955D61ABF217D00707E61 /* Social.framework in Frameworks */ = {isa = PBXBuildFile; fileRef = EF6955D51ABF217D00707E61 /* Social.framework */; };
		EF6955D81ABF218C00707E61 /* Accounts.framework in Frameworks */ = {isa = PBXBuildFile; fileRef = EF6955D71ABF218C00707E61 /* Accounts.framework */; };
		EF7696D71AD0494800F2AA8C /* LargeLogoNavigationBar@2x.png in Resources */ = {isa = PBXBuildFile; fileRef = EF7696D61AD0494800F2AA8C /* LargeLogoNavigationBar@2x.png */; };
		EF950CAB1AF7281F00DB5D71 /* postCellLeft.m in Sources */ = {isa = PBXBuildFile; fileRef = EF950CAA1AF7281F00DB5D71 /* postCellLeft.m */; };
		EF950CAE1AF7283800DB5D71 /* postCellRight.m in Sources */ = {isa = PBXBuildFile; fileRef = EF950CAD1AF7283800DB5D71 /* postCellRight.m */; };
		EF950CB01AF7289700DB5D71 /* postCellLeft.xib in Resources */ = {isa = PBXBuildFile; fileRef = EF950CAF1AF7289700DB5D71 /* postCellLeft.xib */; };
		EF950CB61AF72CA500DB5D71 /* postCellRight.xib in Resources */ = {isa = PBXBuildFile; fileRef = EF950CB51AF72CA500DB5D71 /* postCellRight.xib */; };
		EF950CBD1B00922A00DB5D71 /* icon-postscell-replyWithQuote.png in Resources */ = {isa = PBXBuildFile; fileRef = EF950CBC1B00922A00DB5D71 /* icon-postscell-replyWithQuote.png */; };
		EFA122661AD0624400D524EE /* TabBar_Activity_Normal@2x.png in Resources */ = {isa = PBXBuildFile; fileRef = EFA1225E1AD0624400D524EE /* TabBar_Activity_Normal@2x.png */; };
		EFA122671AD0624400D524EE /* TabBar_Activity_Selected@2x.png in Resources */ = {isa = PBXBuildFile; fileRef = EFA1225F1AD0624400D524EE /* TabBar_Activity_Selected@2x.png */; };
		EFA122681AD0624400D524EE /* TabBar_Categories_Normal@2x.png in Resources */ = {isa = PBXBuildFile; fileRef = EFA122601AD0624400D524EE /* TabBar_Categories_Normal@2x.png */; };
		EFA122691AD0624400D524EE /* TabBar_Categories_Selected@2x.png in Resources */ = {isa = PBXBuildFile; fileRef = EFA122611AD0624400D524EE /* TabBar_Categories_Selected@2x.png */; };
		EFA1226A1AD0624400D524EE /* TabBar_Favourites_Normal@2x.png in Resources */ = {isa = PBXBuildFile; fileRef = EFA122621AD0624400D524EE /* TabBar_Favourites_Normal@2x.png */; };
		EFA1226B1AD0624400D524EE /* TabBar_Favourites_Selected@2x.png in Resources */ = {isa = PBXBuildFile; fileRef = EFA122631AD0624400D524EE /* TabBar_Favourites_Selected@2x.png */; };
		EFA1226C1AD0624400D524EE /* TabBar_Profile_Normal@2x.png in Resources */ = {isa = PBXBuildFile; fileRef = EFA122641AD0624400D524EE /* TabBar_Profile_Normal@2x.png */; };
		EFA1226D1AD0624400D524EE /* TabBar_Profile_Selected@2x.png in Resources */ = {isa = PBXBuildFile; fileRef = EFA122651AD0624400D524EE /* TabBar_Profile_Selected@2x.png */; };
		EFA122731AD0856900D524EE /* threadCell.xib in Resources */ = {isa = PBXBuildFile; fileRef = EFA122721AD0856900D524EE /* threadCell.xib */; };
		EFA1227E1AD094C900D524EE /* ThreadCell_AddFavourite_Normal@2x.png in Resources */ = {isa = PBXBuildFile; fileRef = EFA122751AD094C900D524EE /* ThreadCell_AddFavourite_Normal@2x.png */; };
		EFA1227F1AD094C900D524EE /* ThreadCell_AddFavourite_Selected@2x.png in Resources */ = {isa = PBXBuildFile; fileRef = EFA122761AD094C900D524EE /* ThreadCell_AddFavourite_Selected@2x.png */; };
		EFA122801AD094C900D524EE /* ThreadCell_LastPostUser@2x.png in Resources */ = {isa = PBXBuildFile; fileRef = EFA122771AD094C900D524EE /* ThreadCell_LastPostUser@2x.png */; };
		EFA122821AD094C900D524EE /* ThreadCell_NumberOfPosts@2x.png in Resources */ = {isa = PBXBuildFile; fileRef = EFA122791AD094C900D524EE /* ThreadCell_NumberOfPosts@2x.png */; };
		EFA122831AD094C900D524EE /* ThreadCell_NumberOfViews@2x.png in Resources */ = {isa = PBXBuildFile; fileRef = EFA1227A1AD094C900D524EE /* ThreadCell_NumberOfViews@2x.png */; };
		EFA122841AD094C900D524EE /* ThreadCell_Time@2x.png in Resources */ = {isa = PBXBuildFile; fileRef = EFA1227B1AD094C900D524EE /* ThreadCell_Time@2x.png */; };
		EFA122851AD094C900D524EE /* threadCellHorizontalLine@2x.png in Resources */ = {isa = PBXBuildFile; fileRef = EFA1227C1AD094C900D524EE /* threadCellHorizontalLine@2x.png */; };
		EFA122861AD094C900D524EE /* threadCellVerticalLine@2x.png in Resources */ = {isa = PBXBuildFile; fileRef = EFA1227D1AD094C900D524EE /* threadCellVerticalLine@2x.png */; };
		EFA1228A1AD09BE800D524EE /* threadCell.m in Sources */ = {isa = PBXBuildFile; fileRef = EFA122891AD09BE800D524EE /* threadCell.m */; };
		EFA122971AD113DD00D524EE /* threadsViewController.m in Sources */ = {isa = PBXBuildFile; fileRef = EFA122961AD113DD00D524EE /* threadsViewController.m */; };
		EFA122BD1AD162C900D524EE /* navigationBar_Jobs@2x.png in Resources */ = {isa = PBXBuildFile; fileRef = EFA122BC1AD162C900D524EE /* navigationBar_Jobs@2x.png */; };
		EFA122CD1AD1662D00D524EE /* navigationBar_Drive@2x.png in Resources */ = {isa = PBXBuildFile; fileRef = EFA122BE1AD1662D00D524EE /* navigationBar_Drive@2x.png */; };
		EFA122CE1AD1662D00D524EE /* navigationBar_Education@2x.png in Resources */ = {isa = PBXBuildFile; fileRef = EFA122BF1AD1662D00D524EE /* navigationBar_Education@2x.png */; };
		EFA122CF1AD1662D00D524EE /* navigationBar_Electronics@2x.png in Resources */ = {isa = PBXBuildFile; fileRef = EFA122C01AD1662D00D524EE /* navigationBar_Electronics@2x.png */; };
		EFA122D01AD1662D00D524EE /* navigationBar_Fitness@2x.png in Resources */ = {isa = PBXBuildFile; fileRef = EFA122C11AD1662D00D524EE /* navigationBar_Fitness@2x.png */; };
		EFA122D11AD1662D00D524EE /* navigationBar_Food@2x.png in Resources */ = {isa = PBXBuildFile; fileRef = EFA122C21AD1662D00D524EE /* navigationBar_Food@2x.png */; };
		EFA122D21AD1662D00D524EE /* navigationBar_Games@2x.png in Resources */ = {isa = PBXBuildFile; fileRef = EFA122C31AD1662D00D524EE /* navigationBar_Games@2x.png */; };
		EFA122D31AD1662D00D524EE /* navigationBar_Graduates@2x.png in Resources */ = {isa = PBXBuildFile; fileRef = EFA122C41AD1662D00D524EE /* navigationBar_Graduates@2x.png */; };
		EFA122D41AD1662D00D524EE /* navigationBar_Hobbies@2x.png in Resources */ = {isa = PBXBuildFile; fileRef = EFA122C51AD1662D00D524EE /* navigationBar_Hobbies@2x.png */; };
		EFA122D51AD1662D00D524EE /* navigationBar_Home@2x.png in Resources */ = {isa = PBXBuildFile; fileRef = EFA122C61AD1662D00D524EE /* navigationBar_Home@2x.png */; };
		EFA122D61AD1662D00D524EE /* navigationBar_Money@2x.png in Resources */ = {isa = PBXBuildFile; fileRef = EFA122C71AD1662D00D524EE /* navigationBar_Money@2x.png */; };
		EFA122D71AD1662D00D524EE /* navigationBar_Movies@2x.png in Resources */ = {isa = PBXBuildFile; fileRef = EFA122C81AD1662D00D524EE /* navigationBar_Movies@2x.png */; };
		EFA122D81AD1662D00D524EE /* navigationBar_Music@2x.png in Resources */ = {isa = PBXBuildFile; fileRef = EFA122C91AD1662D00D524EE /* navigationBar_Music@2x.png */; };
		EFA122D91AD1662D00D524EE /* navigationBar_Sports@2x.png in Resources */ = {isa = PBXBuildFile; fileRef = EFA122CA1AD1662D00D524EE /* navigationBar_Sports@2x.png */; };
		EFA122DA1AD1662D00D524EE /* navigationBar_Travel@2x.png in Resources */ = {isa = PBXBuildFile; fileRef = EFA122CB1AD1662D00D524EE /* navigationBar_Travel@2x.png */; };
		EFA122DB1AD1662D00D524EE /* navigationBar_TVShows@2x.png in Resources */ = {isa = PBXBuildFile; fileRef = EFA122CC1AD1662D00D524EE /* navigationBar_TVShows@2x.png */; };
		EFA122DE1AD5BB9300D524EE /* background@2x.png in Resources */ = {isa = PBXBuildFile; fileRef = EFA122DC1AD5BB9300D524EE /* background@2x.png */; };
		EFA122DF1AD5BB9300D524EE /* background@3x.png in Resources */ = {isa = PBXBuildFile; fileRef = EFA122DD1AD5BB9300D524EE /* background@3x.png */; };
		EFA122E31AD5C61F00D524EE /* LaunchImage@2x.png in Resources */ = {isa = PBXBuildFile; fileRef = EFA122E11AD5C61F00D524EE /* LaunchImage@2x.png */; };
		EFA122E41AD5C61F00D524EE /* maelstrom_icon.png in Resources */ = {isa = PBXBuildFile; fileRef = EFA122E21AD5C61F00D524EE /* maelstrom_icon.png */; };
		EFA122E61AD5C78900D524EE /* LaunchImageWithIcon@2x.png in Resources */ = {isa = PBXBuildFile; fileRef = EFA122E51AD5C78900D524EE /* LaunchImageWithIcon@2x.png */; };
		EFB57B0A1ADF8B4C001DDBB8 /* addThreadQuestionViewController.m in Sources */ = {isa = PBXBuildFile; fileRef = EFB57B091ADF8B4C001DDBB8 /* addThreadQuestionViewController.m */; };
		EFB57B171AE637DC001DDBB8 /* UIDeviceHardware.m in Sources */ = {isa = PBXBuildFile; fileRef = EFB57B161AE637DC001DDBB8 /* UIDeviceHardware.m */; };
		EFB57B1B1AE63FF7001DDBB8 /* categories-bg-iphone5@2x.png in Resources */ = {isa = PBXBuildFile; fileRef = EFB57B181AE63FF7001DDBB8 /* categories-bg-iphone5@2x.png */; };
		EFB57B1C1AE63FF7001DDBB8 /* categories-bg-iphone6@2x.png in Resources */ = {isa = PBXBuildFile; fileRef = EFB57B191AE63FF7001DDBB8 /* categories-bg-iphone6@2x.png */; };
		EFB57B1D1AE63FF7001DDBB8 /* categories-bg-iphone6plus@2x.png in Resources */ = {isa = PBXBuildFile; fileRef = EFB57B1A1AE63FF7001DDBB8 /* categories-bg-iphone6plus@2x.png */; };
		EFB57B321AE65689001DDBB8 /* categories-drive-title@2x.png in Resources */ = {isa = PBXBuildFile; fileRef = EFB57B221AE65689001DDBB8 /* categories-drive-title@2x.png */; };
		EFB57B331AE65689001DDBB8 /* categories-education-title@2x.png in Resources */ = {isa = PBXBuildFile; fileRef = EFB57B231AE65689001DDBB8 /* categories-education-title@2x.png */; };
		EFB57B341AE65689001DDBB8 /* categories-electronics-title@2x.png in Resources */ = {isa = PBXBuildFile; fileRef = EFB57B241AE65689001DDBB8 /* categories-electronics-title@2x.png */; };
		EFB57B351AE65689001DDBB8 /* categories-fitness-title@2x.png in Resources */ = {isa = PBXBuildFile; fileRef = EFB57B251AE65689001DDBB8 /* categories-fitness-title@2x.png */; };
		EFB57B361AE65689001DDBB8 /* categories-food-title@2x.png in Resources */ = {isa = PBXBuildFile; fileRef = EFB57B261AE65689001DDBB8 /* categories-food-title@2x.png */; };
		EFB57B371AE65689001DDBB8 /* categories-games-title@2x.png in Resources */ = {isa = PBXBuildFile; fileRef = EFB57B271AE65689001DDBB8 /* categories-games-title@2x.png */; };
		EFB57B391AE65689001DDBB8 /* categories-hobbies-title@2x.png in Resources */ = {isa = PBXBuildFile; fileRef = EFB57B291AE65689001DDBB8 /* categories-hobbies-title@2x.png */; };
		EFB57B3A1AE65689001DDBB8 /* categories-home-title@2x.png in Resources */ = {isa = PBXBuildFile; fileRef = EFB57B2A1AE65689001DDBB8 /* categories-home-title@2x.png */; };
		EFB57B3B1AE65689001DDBB8 /* categories-jobs-title@2x.png in Resources */ = {isa = PBXBuildFile; fileRef = EFB57B2B1AE65689001DDBB8 /* categories-jobs-title@2x.png */; };
		EFB57B3C1AE65689001DDBB8 /* categories-money-title@2x.png in Resources */ = {isa = PBXBuildFile; fileRef = EFB57B2C1AE65689001DDBB8 /* categories-money-title@2x.png */; };
		EFB57B3D1AE65689001DDBB8 /* categories-movies-title@2x.png in Resources */ = {isa = PBXBuildFile; fileRef = EFB57B2D1AE65689001DDBB8 /* categories-movies-title@2x.png */; };
		EFB57B3E1AE65689001DDBB8 /* categories-music-title@2x.png in Resources */ = {isa = PBXBuildFile; fileRef = EFB57B2E1AE65689001DDBB8 /* categories-music-title@2x.png */; };
		EFB57B3F1AE65689001DDBB8 /* categories-sports-title@2x.png in Resources */ = {isa = PBXBuildFile; fileRef = EFB57B2F1AE65689001DDBB8 /* categories-sports-title@2x.png */; };
		EFB57B401AE65689001DDBB8 /* categories-travel-title@2x.png in Resources */ = {isa = PBXBuildFile; fileRef = EFB57B301AE65689001DDBB8 /* categories-travel-title@2x.png */; };
		EFB57B411AE65689001DDBB8 /* categories-tvshows-title@2x.png in Resources */ = {isa = PBXBuildFile; fileRef = EFB57B311AE65689001DDBB8 /* categories-tvshows-title@2x.png */; };
		EFB57B431AE656DD001DDBB8 /* categories-graduates-title@2x.png in Resources */ = {isa = PBXBuildFile; fileRef = EFB57B421AE656DD001DDBB8 /* categories-graduates-title@2x.png */; };
		EFB57B471AE6658C001DDBB8 /* threads-posts-bg-iphone6@2x.png in Resources */ = {isa = PBXBuildFile; fileRef = EFB57B451AE6658C001DDBB8 /* threads-posts-bg-iphone6@2x.png */; };
		EFB57B481AE6658C001DDBB8 /* threads-posts-bg-iphone6plus@2x.png in Resources */ = {isa = PBXBuildFile; fileRef = EFB57B461AE6658C001DDBB8 /* threads-posts-bg-iphone6plus@2x.png */; };
		EFB57B4A1AE6667A001DDBB8 /* threads-posts-bg-iphone5@2x.png in Resources */ = {isa = PBXBuildFile; fileRef = EFB57B491AE6667A001DDBB8 /* threads-posts-bg-iphone5@2x.png */; };
		EFB57B4E1AE76B67001DDBB8 /* tabBarControllerUniversal.m in Sources */ = {isa = PBXBuildFile; fileRef = EFB57B4D1AE76B67001DDBB8 /* tabBarControllerUniversal.m */; };
		EFC7F49D1AD86B73008A1975 /* libstdc++.6.dylib in Frameworks */ = {isa = PBXBuildFile; fileRef = EFC7F49C1AD86B73008A1975 /* libstdc++.6.dylib */; };
		EFC7F49F1ADB5E50008A1975 /* ThreadCellBackground.png in Resources */ = {isa = PBXBuildFile; fileRef = EFC7F49E1ADB5E50008A1975 /* ThreadCellBackground.png */; };
		EFC7F4A21ADC7644008A1975 /* postsViewController.m in Sources */ = {isa = PBXBuildFile; fileRef = EFC7F4A11ADC7644008A1975 /* postsViewController.m */; };
		EFC7F4A51ADC9E91008A1975 /* addThreadViewController.m in Sources */ = {isa = PBXBuildFile; fileRef = EFC7F4A41ADC9E91008A1975 /* addThreadViewController.m */; };
		EFF238761B0AA2A50009334B /* addPostViewController.m in Sources */ = {isa = PBXBuildFile; fileRef = EFF238751B0AA2A50009334B /* addPostViewController.m */; };
		EFF74DCC1B13FDFD00B8752E /* ProgressHUD.bundle in Resources */ = {isa = PBXBuildFile; fileRef = EFF74DCB1B13FDFD00B8752E /* ProgressHUD.bundle */; };
/* End PBXBuildFile section */

/* Begin PBXContainerItemProxy section */
		EF6955981ABCA15500707E61 /* PBXContainerItemProxy */ = {
			isa = PBXContainerItemProxy;
			containerPortal = EF6955731ABCA15500707E61 /* Project object */;
			proxyType = 1;
			remoteGlobalIDString = EF69557A1ABCA15500707E61;
			remoteInfo = Maelstrom;
		};
/* End PBXContainerItemProxy section */

/* Begin PBXFileReference section */
		630C515D8E80320001BDC73B /* Pods-Maelstrom.debug.xcconfig */ = {isa = PBXFileReference; includeInIndex = 1; lastKnownFileType = text.xcconfig; name = "Pods-Maelstrom.debug.xcconfig"; path = "Pods/Target Support Files/Pods-Maelstrom/Pods-Maelstrom.debug.xcconfig"; sourceTree = "<group>"; };
		893320EE70A67331EEF90DC5 /* Pods-Maelstrom.release.xcconfig */ = {isa = PBXFileReference; includeInIndex = 1; lastKnownFileType = text.xcconfig; name = "Pods-Maelstrom.release.xcconfig"; path = "Pods/Target Support Files/Pods-Maelstrom/Pods-Maelstrom.release.xcconfig"; sourceTree = "<group>"; };
		8ECF89F7A84FEE42DE49B929 /* libPods-Maelstrom.a */ = {isa = PBXFileReference; explicitFileType = archive.ar; includeInIndex = 0; path = "libPods-Maelstrom.a"; sourceTree = BUILT_PRODUCTS_DIR; };
		EF0CF5DB1ACD46A7005B4EFA /* categoriesViewController.h */ = {isa = PBXFileReference; fileEncoding = 4; lastKnownFileType = sourcecode.c.h; path = categoriesViewController.h; sourceTree = "<group>"; };
		EF0CF5DC1ACD46A7005B4EFA /* categoriesViewController.m */ = {isa = PBXFileReference; fileEncoding = 4; lastKnownFileType = sourcecode.c.objc; path = categoriesViewController.m; sourceTree = "<group>"; };
		EF19DC761ACEA29A002C75FC /* Categories.png */ = {isa = PBXFileReference; lastKnownFileType = image.png; name = Categories.png; path = Assets/Categories.png; sourceTree = "<group>"; };
		EF19DC771ACEA29A002C75FC /* Categories@2x.png */ = {isa = PBXFileReference; lastKnownFileType = image.png; name = "Categories@2x.png"; path = "Assets/Categories@2x.png"; sourceTree = "<group>"; };
		EF19DC7A1ACEA29A002C75FC /* Threads.png */ = {isa = PBXFileReference; lastKnownFileType = image.png; name = Threads.png; path = Assets/Threads.png; sourceTree = "<group>"; };
		EF19DC7B1ACEA29A002C75FC /* Threads@2x.png */ = {isa = PBXFileReference; lastKnownFileType = image.png; name = "Threads@2x.png"; path = "Assets/Threads@2x.png"; sourceTree = "<group>"; };
		EF19DC821ACF1FCF002C75FC /* LogoNavigationBar@2x.png */ = {isa = PBXFileReference; lastKnownFileType = image.png; name = "LogoNavigationBar@2x.png"; path = "Assets/LogoNavigationBar@2x.png"; sourceTree = "<group>"; };
		EF19DC851ACF22EA002C75FC /* Automotive.png */ = {isa = PBXFileReference; lastKnownFileType = image.png; name = Automotive.png; path = Assets/category_icons/Automotive.png; sourceTree = "<group>"; };
		EF19DC861ACF22EA002C75FC /* Education.png */ = {isa = PBXFileReference; lastKnownFileType = image.png; name = Education.png; path = Assets/category_icons/Education.png; sourceTree = "<group>"; };
		EF19DC871ACF22EA002C75FC /* Electronics.png */ = {isa = PBXFileReference; lastKnownFileType = image.png; name = Electronics.png; path = Assets/category_icons/Electronics.png; sourceTree = "<group>"; };
		EF19DC881ACF22EA002C75FC /* Fitness.png */ = {isa = PBXFileReference; lastKnownFileType = image.png; name = Fitness.png; path = Assets/category_icons/Fitness.png; sourceTree = "<group>"; };
		EF19DC891ACF22EA002C75FC /* Food.png */ = {isa = PBXFileReference; lastKnownFileType = image.png; name = Food.png; path = Assets/category_icons/Food.png; sourceTree = "<group>"; };
		EF19DC8A1ACF22EA002C75FC /* Gaming.png */ = {isa = PBXFileReference; lastKnownFileType = image.png; name = Gaming.png; path = Assets/category_icons/Gaming.png; sourceTree = "<group>"; };
		EF19DC8B1ACF22EA002C75FC /* Graduate.png */ = {isa = PBXFileReference; lastKnownFileType = image.png; name = Graduate.png; path = Assets/category_icons/Graduate.png; sourceTree = "<group>"; };
		EF19DC8C1ACF22EA002C75FC /* Home_DIY.png */ = {isa = PBXFileReference; lastKnownFileType = image.png; name = Home_DIY.png; path = Assets/category_icons/Home_DIY.png; sourceTree = "<group>"; };
		EF19DC8D1ACF22EA002C75FC /* Jobs.png */ = {isa = PBXFileReference; lastKnownFileType = image.png; name = Jobs.png; path = Assets/category_icons/Jobs.png; sourceTree = "<group>"; };
		EF19DC8E1ACF22EA002C75FC /* Money.png */ = {isa = PBXFileReference; lastKnownFileType = image.png; name = Money.png; path = Assets/category_icons/Money.png; sourceTree = "<group>"; };
		EF19DC8F1ACF22EA002C75FC /* Movies.png */ = {isa = PBXFileReference; lastKnownFileType = image.png; name = Movies.png; path = Assets/category_icons/Movies.png; sourceTree = "<group>"; };
		EF19DC901ACF22EA002C75FC /* Music.png */ = {isa = PBXFileReference; lastKnownFileType = image.png; name = Music.png; path = Assets/category_icons/Music.png; sourceTree = "<group>"; };
		EF19DC911ACF22EA002C75FC /* Hobbies.png */ = {isa = PBXFileReference; lastKnownFileType = image.png; name = Hobbies.png; path = Assets/category_icons/Hobbies.png; sourceTree = "<group>"; };
		EF19DC921ACF22EA002C75FC /* Sports.png */ = {isa = PBXFileReference; lastKnownFileType = image.png; name = Sports.png; path = Assets/category_icons/Sports.png; sourceTree = "<group>"; };
		EF19DC931ACF22EA002C75FC /* Travel.png */ = {isa = PBXFileReference; lastKnownFileType = image.png; name = Travel.png; path = Assets/category_icons/Travel.png; sourceTree = "<group>"; };
		EF19DC941ACF22EA002C75FC /* TV.png */ = {isa = PBXFileReference; lastKnownFileType = image.png; name = TV.png; path = Assets/category_icons/TV.png; sourceTree = "<group>"; };
		EF19DCA51ACF3336002C75FC /* NavigationBarShadow@2x.png */ = {isa = PBXFileReference; lastKnownFileType = image.png; name = "NavigationBarShadow@2x.png"; path = "Assets/NavigationBarShadow@2x.png"; sourceTree = "<group>"; };
		EF4BAB2A1AE7B44E00134BBE /* ProgressHUD.h */ = {isa = PBXFileReference; fileEncoding = 4; lastKnownFileType = sourcecode.c.h; path = ProgressHUD.h; sourceTree = "<group>"; };
		EF4BAB2B1AE7B44E00134BBE /* ProgressHUD.m */ = {isa = PBXFileReference; fileEncoding = 4; lastKnownFileType = sourcecode.c.objc; path = ProgressHUD.m; sourceTree = "<group>"; };
		EF69557B1ABCA15500707E61 /* Maelstrom.app */ = {isa = PBXFileReference; explicitFileType = wrapper.application; includeInIndex = 0; path = Maelstrom.app; sourceTree = BUILT_PRODUCTS_DIR; };
		EF69557F1ABCA15500707E61 /* Info.plist */ = {isa = PBXFileReference; lastKnownFileType = text.plist.xml; path = Info.plist; sourceTree = "<group>"; };
		EF6955801ABCA15500707E61 /* main.m */ = {isa = PBXFileReference; lastKnownFileType = sourcecode.c.objc; path = main.m; sourceTree = "<group>"; };
		EF6955821ABCA15500707E61 /* AppDelegate.h */ = {isa = PBXFileReference; lastKnownFileType = sourcecode.c.h; path = AppDelegate.h; sourceTree = "<group>"; };
		EF6955831ABCA15500707E61 /* AppDelegate.m */ = {isa = PBXFileReference; lastKnownFileType = sourcecode.c.objc; path = AppDelegate.m; sourceTree = "<group>"; };
		EF6955851ABCA15500707E61 /* bobMainViewController.h */ = {isa = PBXFileReference; lastKnownFileType = sourcecode.c.h; path = bobMainViewController.h; sourceTree = "<group>"; };
		EF6955861ABCA15500707E61 /* bobMainViewController.m */ = {isa = PBXFileReference; lastKnownFileType = sourcecode.c.objc; path = bobMainViewController.m; sourceTree = "<group>"; };
		EF6955881ABCA15500707E61 /* trendingQuestionsViewController.h */ = {isa = PBXFileReference; lastKnownFileType = sourcecode.c.h; path = trendingQuestionsViewController.h; sourceTree = "<group>"; };
		EF6955891ABCA15500707E61 /* trendingQuestionsViewController.m */ = {isa = PBXFileReference; lastKnownFileType = sourcecode.c.objc; path = trendingQuestionsViewController.m; sourceTree = "<group>"; };
		EF69558C1ABCA15500707E61 /* Base */ = {isa = PBXFileReference; lastKnownFileType = file.storyboard; name = Base; path = Base.lproj/Main.storyboard; sourceTree = "<group>"; };
		EF69558E1ABCA15500707E61 /* Images.xcassets */ = {isa = PBXFileReference; lastKnownFileType = folder.assetcatalog; path = Images.xcassets; sourceTree = "<group>"; };
		EF6955911ABCA15500707E61 /* Base */ = {isa = PBXFileReference; lastKnownFileType = file.xib; name = Base; path = Base.lproj/LaunchScreen.xib; sourceTree = "<group>"; };
		EF6955971ABCA15500707E61 /* MaelstromTests.xctest */ = {isa = PBXFileReference; explicitFileType = wrapper.cfbundle; includeInIndex = 0; path = MaelstromTests.xctest; sourceTree = BUILT_PRODUCTS_DIR; };
		EF69559C1ABCA15500707E61 /* Info.plist */ = {isa = PBXFileReference; lastKnownFileType = text.plist.xml; path = Info.plist; sourceTree = "<group>"; };
		EF69559D1ABCA15500707E61 /* MaelstromTests.m */ = {isa = PBXFileReference; lastKnownFileType = sourcecode.c.objc; path = MaelstromTests.m; sourceTree = "<group>"; };
		EF6955B21ABCA26700707E61 /* AudioToolbox.framework */ = {isa = PBXFileReference; lastKnownFileType = wrapper.framework; name = AudioToolbox.framework; path = System/Library/Frameworks/AudioToolbox.framework; sourceTree = SDKROOT; };
		EF6955B31ABCA26700707E61 /* CFNetwork.framework */ = {isa = PBXFileReference; lastKnownFileType = wrapper.framework; name = CFNetwork.framework; path = System/Library/Frameworks/CFNetwork.framework; sourceTree = SDKROOT; };
		EF6955B41ABCA26700707E61 /* CoreGraphics.framework */ = {isa = PBXFileReference; lastKnownFileType = wrapper.framework; name = CoreGraphics.framework; path = System/Library/Frameworks/CoreGraphics.framework; sourceTree = SDKROOT; };
		EF6955B51ABCA26700707E61 /* CoreLocation.framework */ = {isa = PBXFileReference; lastKnownFileType = wrapper.framework; name = CoreLocation.framework; path = System/Library/Frameworks/CoreLocation.framework; sourceTree = SDKROOT; };
		EF6955B61ABCA26700707E61 /* libsqlite3.dylib */ = {isa = PBXFileReference; lastKnownFileType = "compiled.mach-o.dylib"; name = libsqlite3.dylib; path = usr/lib/libsqlite3.dylib; sourceTree = SDKROOT; };
		EF6955B71ABCA26700707E61 /* libz.dylib */ = {isa = PBXFileReference; lastKnownFileType = "compiled.mach-o.dylib"; name = libz.dylib; path = usr/lib/libz.dylib; sourceTree = SDKROOT; };
		EF6955B81ABCA26700707E61 /* MobileCoreServices.framework */ = {isa = PBXFileReference; lastKnownFileType = wrapper.framework; name = MobileCoreServices.framework; path = System/Library/Frameworks/MobileCoreServices.framework; sourceTree = SDKROOT; };
		EF6955B91ABCA26700707E61 /* QuartzCore.framework */ = {isa = PBXFileReference; lastKnownFileType = wrapper.framework; name = QuartzCore.framework; path = System/Library/Frameworks/QuartzCore.framework; sourceTree = SDKROOT; };
		EF6955BA1ABCA26700707E61 /* Security.framework */ = {isa = PBXFileReference; lastKnownFileType = wrapper.framework; name = Security.framework; path = System/Library/Frameworks/Security.framework; sourceTree = SDKROOT; };
		EF6955BB1ABCA26700707E61 /* StoreKit.framework */ = {isa = PBXFileReference; lastKnownFileType = wrapper.framework; name = StoreKit.framework; path = System/Library/Frameworks/StoreKit.framework; sourceTree = SDKROOT; };
		EF6955BC1ABCA26700707E61 /* SystemConfiguration.framework */ = {isa = PBXFileReference; lastKnownFileType = wrapper.framework; name = SystemConfiguration.framework; path = System/Library/Frameworks/SystemConfiguration.framework; sourceTree = SDKROOT; };
		EF6955CC1ABE9D1C00707E61 /* initialViewController.h */ = {isa = PBXFileReference; fileEncoding = 4; lastKnownFileType = sourcecode.c.h; path = initialViewController.h; sourceTree = "<group>"; };
		EF6955CD1ABE9D1C00707E61 /* initialViewController.m */ = {isa = PBXFileReference; fileEncoding = 4; lastKnownFileType = sourcecode.c.objc; path = initialViewController.m; sourceTree = "<group>"; };
		EF6955CF1ABE9D7A00707E61 /* maelstromLogInViewController.h */ = {isa = PBXFileReference; fileEncoding = 4; lastKnownFileType = sourcecode.c.h; path = maelstromLogInViewController.h; sourceTree = "<group>"; };
		EF6955D01ABE9D7A00707E61 /* maelstromLogInViewController.m */ = {isa = PBXFileReference; fileEncoding = 4; lastKnownFileType = sourcecode.c.objc; path = maelstromLogInViewController.m; sourceTree = "<group>"; };
		EF6955D21ABE9DB400707E61 /* maelstromSignUpViewController.h */ = {isa = PBXFileReference; fileEncoding = 4; lastKnownFileType = sourcecode.c.h; path = maelstromSignUpViewController.h; sourceTree = "<group>"; };
		EF6955D31ABE9DB400707E61 /* maelstromSignUpViewController.m */ = {isa = PBXFileReference; fileEncoding = 4; lastKnownFileType = sourcecode.c.objc; path = maelstromSignUpViewController.m; sourceTree = "<group>"; };
		EF6955D51ABF217D00707E61 /* Social.framework */ = {isa = PBXFileReference; lastKnownFileType = wrapper.framework; name = Social.framework; path = System/Library/Frameworks/Social.framework; sourceTree = SDKROOT; };
		EF6955D71ABF218C00707E61 /* Accounts.framework */ = {isa = PBXFileReference; lastKnownFileType = wrapper.framework; name = Accounts.framework; path = System/Library/Frameworks/Accounts.framework; sourceTree = SDKROOT; };
		EF7696D61AD0494800F2AA8C /* LargeLogoNavigationBar@2x.png */ = {isa = PBXFileReference; lastKnownFileType = image.png; name = "LargeLogoNavigationBar@2x.png"; path = "Assets/LargeLogoNavigationBar@2x.png"; sourceTree = "<group>"; };
		EF950CA91AF7281F00DB5D71 /* postCellLeft.h */ = {isa = PBXFileReference; fileEncoding = 4; lastKnownFileType = sourcecode.c.h; path = postCellLeft.h; sourceTree = "<group>"; };
		EF950CAA1AF7281F00DB5D71 /* postCellLeft.m */ = {isa = PBXFileReference; fileEncoding = 4; lastKnownFileType = sourcecode.c.objc; path = postCellLeft.m; sourceTree = "<group>"; };
		EF950CAC1AF7283800DB5D71 /* postCellRight.h */ = {isa = PBXFileReference; fileEncoding = 4; lastKnownFileType = sourcecode.c.h; path = postCellRight.h; sourceTree = "<group>"; };
		EF950CAD1AF7283800DB5D71 /* postCellRight.m */ = {isa = PBXFileReference; fileEncoding = 4; lastKnownFileType = sourcecode.c.objc; path = postCellRight.m; sourceTree = "<group>"; };
		EF950CAF1AF7289700DB5D71 /* postCellLeft.xib */ = {isa = PBXFileReference; fileEncoding = 4; lastKnownFileType = file.xib; path = postCellLeft.xib; sourceTree = "<group>"; };
		EF950CB51AF72CA500DB5D71 /* postCellRight.xib */ = {isa = PBXFileReference; fileEncoding = 4; lastKnownFileType = file.xib; path = postCellRight.xib; sourceTree = "<group>"; };
		EF950CBC1B00922A00DB5D71 /* icon-postscell-replyWithQuote.png */ = {isa = PBXFileReference; lastKnownFileType = image.png; name = "icon-postscell-replyWithQuote.png"; path = "Assets/post_cell_icons/icon-postscell-replyWithQuote.png"; sourceTree = "<group>"; };
		EFA1225E1AD0624400D524EE /* TabBar_Activity_Normal@2x.png */ = {isa = PBXFileReference; lastKnownFileType = image.png; name = "TabBar_Activity_Normal@2x.png"; path = "Assets/TabBar_Activity_Normal@2x.png"; sourceTree = "<group>"; };
		EFA1225F1AD0624400D524EE /* TabBar_Activity_Selected@2x.png */ = {isa = PBXFileReference; lastKnownFileType = image.png; name = "TabBar_Activity_Selected@2x.png"; path = "Assets/TabBar_Activity_Selected@2x.png"; sourceTree = "<group>"; };
		EFA122601AD0624400D524EE /* TabBar_Categories_Normal@2x.png */ = {isa = PBXFileReference; lastKnownFileType = image.png; name = "TabBar_Categories_Normal@2x.png"; path = "Assets/TabBar_Categories_Normal@2x.png"; sourceTree = "<group>"; };
		EFA122611AD0624400D524EE /* TabBar_Categories_Selected@2x.png */ = {isa = PBXFileReference; lastKnownFileType = image.png; name = "TabBar_Categories_Selected@2x.png"; path = "Assets/TabBar_Categories_Selected@2x.png"; sourceTree = "<group>"; };
		EFA122621AD0624400D524EE /* TabBar_Favourites_Normal@2x.png */ = {isa = PBXFileReference; lastKnownFileType = image.png; name = "TabBar_Favourites_Normal@2x.png"; path = "Assets/TabBar_Favourites_Normal@2x.png"; sourceTree = "<group>"; };
		EFA122631AD0624400D524EE /* TabBar_Favourites_Selected@2x.png */ = {isa = PBXFileReference; lastKnownFileType = image.png; name = "TabBar_Favourites_Selected@2x.png"; path = "Assets/TabBar_Favourites_Selected@2x.png"; sourceTree = "<group>"; };
		EFA122641AD0624400D524EE /* TabBar_Profile_Normal@2x.png */ = {isa = PBXFileReference; lastKnownFileType = image.png; name = "TabBar_Profile_Normal@2x.png"; path = "Assets/TabBar_Profile_Normal@2x.png"; sourceTree = "<group>"; };
		EFA122651AD0624400D524EE /* TabBar_Profile_Selected@2x.png */ = {isa = PBXFileReference; lastKnownFileType = image.png; name = "TabBar_Profile_Selected@2x.png"; path = "Assets/TabBar_Profile_Selected@2x.png"; sourceTree = "<group>"; };
		EFA122721AD0856900D524EE /* threadCell.xib */ = {isa = PBXFileReference; fileEncoding = 4; lastKnownFileType = file.xib; path = threadCell.xib; sourceTree = "<group>"; };
		EFA122751AD094C900D524EE /* ThreadCell_AddFavourite_Normal@2x.png */ = {isa = PBXFileReference; lastKnownFileType = image.png; name = "ThreadCell_AddFavourite_Normal@2x.png"; path = "Assets/thread_cell_icons/ThreadCell_AddFavourite_Normal@2x.png"; sourceTree = "<group>"; };
		EFA122761AD094C900D524EE /* ThreadCell_AddFavourite_Selected@2x.png */ = {isa = PBXFileReference; lastKnownFileType = image.png; name = "ThreadCell_AddFavourite_Selected@2x.png"; path = "Assets/thread_cell_icons/ThreadCell_AddFavourite_Selected@2x.png"; sourceTree = "<group>"; };
		EFA122771AD094C900D524EE /* ThreadCell_LastPostUser@2x.png */ = {isa = PBXFileReference; lastKnownFileType = image.png; name = "ThreadCell_LastPostUser@2x.png"; path = "Assets/thread_cell_icons/ThreadCell_LastPostUser@2x.png"; sourceTree = "<group>"; };
		EFA122791AD094C900D524EE /* ThreadCell_NumberOfPosts@2x.png */ = {isa = PBXFileReference; lastKnownFileType = image.png; name = "ThreadCell_NumberOfPosts@2x.png"; path = "Assets/thread_cell_icons/ThreadCell_NumberOfPosts@2x.png"; sourceTree = "<group>"; };
		EFA1227A1AD094C900D524EE /* ThreadCell_NumberOfViews@2x.png */ = {isa = PBXFileReference; lastKnownFileType = image.png; name = "ThreadCell_NumberOfViews@2x.png"; path = "Assets/thread_cell_icons/ThreadCell_NumberOfViews@2x.png"; sourceTree = "<group>"; };
		EFA1227B1AD094C900D524EE /* ThreadCell_Time@2x.png */ = {isa = PBXFileReference; lastKnownFileType = image.png; name = "ThreadCell_Time@2x.png"; path = "Assets/thread_cell_icons/ThreadCell_Time@2x.png"; sourceTree = "<group>"; };
		EFA1227C1AD094C900D524EE /* threadCellHorizontalLine@2x.png */ = {isa = PBXFileReference; lastKnownFileType = image.png; name = "threadCellHorizontalLine@2x.png"; path = "Assets/thread_cell_icons/threadCellHorizontalLine@2x.png"; sourceTree = "<group>"; };
		EFA1227D1AD094C900D524EE /* threadCellVerticalLine@2x.png */ = {isa = PBXFileReference; lastKnownFileType = image.png; name = "threadCellVerticalLine@2x.png"; path = "Assets/thread_cell_icons/threadCellVerticalLine@2x.png"; sourceTree = "<group>"; };
		EFA122881AD09BE800D524EE /* threadCell.h */ = {isa = PBXFileReference; fileEncoding = 4; lastKnownFileType = sourcecode.c.h; path = threadCell.h; sourceTree = "<group>"; };
		EFA122891AD09BE800D524EE /* threadCell.m */ = {isa = PBXFileReference; fileEncoding = 4; lastKnownFileType = sourcecode.c.objc; path = threadCell.m; sourceTree = "<group>"; };
		EFA122951AD113DD00D524EE /* threadsViewController.h */ = {isa = PBXFileReference; fileEncoding = 4; lastKnownFileType = sourcecode.c.h; path = threadsViewController.h; sourceTree = "<group>"; };
		EFA122961AD113DD00D524EE /* threadsViewController.m */ = {isa = PBXFileReference; fileEncoding = 4; lastKnownFileType = sourcecode.c.objc; path = threadsViewController.m; sourceTree = "<group>"; };
		EFA122BC1AD162C900D524EE /* navigationBar_Jobs@2x.png */ = {isa = PBXFileReference; lastKnownFileType = image.png; name = "navigationBar_Jobs@2x.png"; path = "Assets/navigation_bar_titles/navigationBar_Jobs@2x.png"; sourceTree = "<group>"; };
		EFA122BE1AD1662D00D524EE /* navigationBar_Drive@2x.png */ = {isa = PBXFileReference; lastKnownFileType = image.png; name = "navigationBar_Drive@2x.png"; path = "Assets/navigation_bar_titles/navigationBar_Drive@2x.png"; sourceTree = "<group>"; };
		EFA122BF1AD1662D00D524EE /* navigationBar_Education@2x.png */ = {isa = PBXFileReference; lastKnownFileType = image.png; name = "navigationBar_Education@2x.png"; path = "Assets/navigation_bar_titles/navigationBar_Education@2x.png"; sourceTree = "<group>"; };
		EFA122C01AD1662D00D524EE /* navigationBar_Electronics@2x.png */ = {isa = PBXFileReference; lastKnownFileType = image.png; name = "navigationBar_Electronics@2x.png"; path = "Assets/navigation_bar_titles/navigationBar_Electronics@2x.png"; sourceTree = "<group>"; };
		EFA122C11AD1662D00D524EE /* navigationBar_Fitness@2x.png */ = {isa = PBXFileReference; lastKnownFileType = image.png; name = "navigationBar_Fitness@2x.png"; path = "Assets/navigation_bar_titles/navigationBar_Fitness@2x.png"; sourceTree = "<group>"; };
		EFA122C21AD1662D00D524EE /* navigationBar_Food@2x.png */ = {isa = PBXFileReference; lastKnownFileType = image.png; name = "navigationBar_Food@2x.png"; path = "Assets/navigation_bar_titles/navigationBar_Food@2x.png"; sourceTree = "<group>"; };
		EFA122C31AD1662D00D524EE /* navigationBar_Games@2x.png */ = {isa = PBXFileReference; lastKnownFileType = image.png; name = "navigationBar_Games@2x.png"; path = "Assets/navigation_bar_titles/navigationBar_Games@2x.png"; sourceTree = "<group>"; };
		EFA122C41AD1662D00D524EE /* navigationBar_Graduates@2x.png */ = {isa = PBXFileReference; lastKnownFileType = image.png; name = "navigationBar_Graduates@2x.png"; path = "Assets/navigation_bar_titles/navigationBar_Graduates@2x.png"; sourceTree = "<group>"; };
		EFA122C51AD1662D00D524EE /* navigationBar_Hobbies@2x.png */ = {isa = PBXFileReference; lastKnownFileType = image.png; name = "navigationBar_Hobbies@2x.png"; path = "Assets/navigation_bar_titles/navigationBar_Hobbies@2x.png"; sourceTree = "<group>"; };
		EFA122C61AD1662D00D524EE /* navigationBar_Home@2x.png */ = {isa = PBXFileReference; lastKnownFileType = image.png; name = "navigationBar_Home@2x.png"; path = "Assets/navigation_bar_titles/navigationBar_Home@2x.png"; sourceTree = "<group>"; };
		EFA122C71AD1662D00D524EE /* navigationBar_Money@2x.png */ = {isa = PBXFileReference; lastKnownFileType = image.png; name = "navigationBar_Money@2x.png"; path = "Assets/navigation_bar_titles/navigationBar_Money@2x.png"; sourceTree = "<group>"; };
		EFA122C81AD1662D00D524EE /* navigationBar_Movies@2x.png */ = {isa = PBXFileReference; lastKnownFileType = image.png; name = "navigationBar_Movies@2x.png"; path = "Assets/navigation_bar_titles/navigationBar_Movies@2x.png"; sourceTree = "<group>"; };
		EFA122C91AD1662D00D524EE /* navigationBar_Music@2x.png */ = {isa = PBXFileReference; lastKnownFileType = image.png; name = "navigationBar_Music@2x.png"; path = "Assets/navigation_bar_titles/navigationBar_Music@2x.png"; sourceTree = "<group>"; };
		EFA122CA1AD1662D00D524EE /* navigationBar_Sports@2x.png */ = {isa = PBXFileReference; lastKnownFileType = image.png; name = "navigationBar_Sports@2x.png"; path = "Assets/navigation_bar_titles/navigationBar_Sports@2x.png"; sourceTree = "<group>"; };
		EFA122CB1AD1662D00D524EE /* navigationBar_Travel@2x.png */ = {isa = PBXFileReference; lastKnownFileType = image.png; name = "navigationBar_Travel@2x.png"; path = "Assets/navigation_bar_titles/navigationBar_Travel@2x.png"; sourceTree = "<group>"; };
		EFA122CC1AD1662D00D524EE /* navigationBar_TVShows@2x.png */ = {isa = PBXFileReference; lastKnownFileType = image.png; name = "navigationBar_TVShows@2x.png"; path = "Assets/navigation_bar_titles/navigationBar_TVShows@2x.png"; sourceTree = "<group>"; };
		EFA122DC1AD5BB9300D524EE /* background@2x.png */ = {isa = PBXFileReference; lastKnownFileType = image.png; name = "background@2x.png"; path = "Assets/background_images/background@2x.png"; sourceTree = "<group>"; };
		EFA122DD1AD5BB9300D524EE /* background@3x.png */ = {isa = PBXFileReference; lastKnownFileType = image.png; name = "background@3x.png"; path = "Assets/background_images/background@3x.png"; sourceTree = "<group>"; };
		EFA122E11AD5C61F00D524EE /* LaunchImage@2x.png */ = {isa = PBXFileReference; lastKnownFileType = image.png; name = "LaunchImage@2x.png"; path = "Assets/launch_screen/LaunchImage@2x.png"; sourceTree = "<group>"; };
		EFA122E21AD5C61F00D524EE /* maelstrom_icon.png */ = {isa = PBXFileReference; lastKnownFileType = image.png; name = maelstrom_icon.png; path = Assets/launch_screen/maelstrom_icon.png; sourceTree = "<group>"; };
		EFA122E51AD5C78900D524EE /* LaunchImageWithIcon@2x.png */ = {isa = PBXFileReference; lastKnownFileType = image.png; name = "LaunchImageWithIcon@2x.png"; path = "Assets/launch_screen/LaunchImageWithIcon@2x.png"; sourceTree = "<group>"; };
		EFB57B081ADF8B4C001DDBB8 /* addThreadQuestionViewController.h */ = {isa = PBXFileReference; fileEncoding = 4; lastKnownFileType = sourcecode.c.h; path = addThreadQuestionViewController.h; sourceTree = "<group>"; };
		EFB57B091ADF8B4C001DDBB8 /* addThreadQuestionViewController.m */ = {isa = PBXFileReference; fileEncoding = 4; lastKnownFileType = sourcecode.c.objc; path = addThreadQuestionViewController.m; sourceTree = "<group>"; };
		EFB57B151AE637DC001DDBB8 /* UIDeviceHardware.h */ = {isa = PBXFileReference; fileEncoding = 4; lastKnownFileType = sourcecode.c.h; path = UIDeviceHardware.h; sourceTree = "<group>"; };
		EFB57B161AE637DC001DDBB8 /* UIDeviceHardware.m */ = {isa = PBXFileReference; fileEncoding = 4; lastKnownFileType = sourcecode.c.objc; path = UIDeviceHardware.m; sourceTree = "<group>"; };
		EFB57B181AE63FF7001DDBB8 /* categories-bg-iphone5@2x.png */ = {isa = PBXFileReference; lastKnownFileType = image.png; name = "categories-bg-iphone5@2x.png"; path = "Assets/category_icons/categories-bg-iphone5@2x.png"; sourceTree = "<group>"; };
		EFB57B191AE63FF7001DDBB8 /* categories-bg-iphone6@2x.png */ = {isa = PBXFileReference; lastKnownFileType = image.png; name = "categories-bg-iphone6@2x.png"; path = "Assets/category_icons/categories-bg-iphone6@2x.png"; sourceTree = "<group>"; };
		EFB57B1A1AE63FF7001DDBB8 /* categories-bg-iphone6plus@2x.png */ = {isa = PBXFileReference; lastKnownFileType = image.png; name = "categories-bg-iphone6plus@2x.png"; path = "Assets/category_icons/categories-bg-iphone6plus@2x.png"; sourceTree = "<group>"; };
		EFB57B221AE65689001DDBB8 /* categories-drive-title@2x.png */ = {isa = PBXFileReference; lastKnownFileType = image.png; name = "categories-drive-title@2x.png"; path = "Assets/category_icons/category-titles/categories-drive-title@2x.png"; sourceTree = "<group>"; };
		EFB57B231AE65689001DDBB8 /* categories-education-title@2x.png */ = {isa = PBXFileReference; lastKnownFileType = image.png; name = "categories-education-title@2x.png"; path = "Assets/category_icons/category-titles/categories-education-title@2x.png"; sourceTree = "<group>"; };
		EFB57B241AE65689001DDBB8 /* categories-electronics-title@2x.png */ = {isa = PBXFileReference; lastKnownFileType = image.png; name = "categories-electronics-title@2x.png"; path = "Assets/category_icons/category-titles/categories-electronics-title@2x.png"; sourceTree = "<group>"; };
		EFB57B251AE65689001DDBB8 /* categories-fitness-title@2x.png */ = {isa = PBXFileReference; lastKnownFileType = image.png; name = "categories-fitness-title@2x.png"; path = "Assets/category_icons/category-titles/categories-fitness-title@2x.png"; sourceTree = "<group>"; };
		EFB57B261AE65689001DDBB8 /* categories-food-title@2x.png */ = {isa = PBXFileReference; lastKnownFileType = image.png; name = "categories-food-title@2x.png"; path = "Assets/category_icons/category-titles/categories-food-title@2x.png"; sourceTree = "<group>"; };
		EFB57B271AE65689001DDBB8 /* categories-games-title@2x.png */ = {isa = PBXFileReference; lastKnownFileType = image.png; name = "categories-games-title@2x.png"; path = "Assets/category_icons/category-titles/categories-games-title@2x.png"; sourceTree = "<group>"; };
		EFB57B291AE65689001DDBB8 /* categories-hobbies-title@2x.png */ = {isa = PBXFileReference; lastKnownFileType = image.png; name = "categories-hobbies-title@2x.png"; path = "Assets/category_icons/category-titles/categories-hobbies-title@2x.png"; sourceTree = "<group>"; };
		EFB57B2A1AE65689001DDBB8 /* categories-home-title@2x.png */ = {isa = PBXFileReference; lastKnownFileType = image.png; name = "categories-home-title@2x.png"; path = "Assets/category_icons/category-titles/categories-home-title@2x.png"; sourceTree = "<group>"; };
		EFB57B2B1AE65689001DDBB8 /* categories-jobs-title@2x.png */ = {isa = PBXFileReference; lastKnownFileType = image.png; name = "categories-jobs-title@2x.png"; path = "Assets/category_icons/category-titles/categories-jobs-title@2x.png"; sourceTree = "<group>"; };
		EFB57B2C1AE65689001DDBB8 /* categories-money-title@2x.png */ = {isa = PBXFileReference; lastKnownFileType = image.png; name = "categories-money-title@2x.png"; path = "Assets/category_icons/category-titles/categories-money-title@2x.png"; sourceTree = "<group>"; };
		EFB57B2D1AE65689001DDBB8 /* categories-movies-title@2x.png */ = {isa = PBXFileReference; lastKnownFileType = image.png; name = "categories-movies-title@2x.png"; path = "Assets/category_icons/category-titles/categories-movies-title@2x.png"; sourceTree = "<group>"; };
		EFB57B2E1AE65689001DDBB8 /* categories-music-title@2x.png */ = {isa = PBXFileReference; lastKnownFileType = image.png; name = "categories-music-title@2x.png"; path = "Assets/category_icons/category-titles/categories-music-title@2x.png"; sourceTree = "<group>"; };
		EFB57B2F1AE65689001DDBB8 /* categories-sports-title@2x.png */ = {isa = PBXFileReference; lastKnownFileType = image.png; name = "categories-sports-title@2x.png"; path = "Assets/category_icons/category-titles/categories-sports-title@2x.png"; sourceTree = "<group>"; };
		EFB57B301AE65689001DDBB8 /* categories-travel-title@2x.png */ = {isa = PBXFileReference; lastKnownFileType = image.png; name = "categories-travel-title@2x.png"; path = "Assets/category_icons/category-titles/categories-travel-title@2x.png"; sourceTree = "<group>"; };
		EFB57B311AE65689001DDBB8 /* categories-tvshows-title@2x.png */ = {isa = PBXFileReference; lastKnownFileType = image.png; name = "categories-tvshows-title@2x.png"; path = "Assets/category_icons/category-titles/categories-tvshows-title@2x.png"; sourceTree = "<group>"; };
		EFB57B421AE656DD001DDBB8 /* categories-graduates-title@2x.png */ = {isa = PBXFileReference; lastKnownFileType = image.png; name = "categories-graduates-title@2x.png"; path = "Assets/category_icons/category-titles/categories-graduates-title@2x.png"; sourceTree = "<group>"; };
		EFB57B451AE6658C001DDBB8 /* threads-posts-bg-iphone6@2x.png */ = {isa = PBXFileReference; lastKnownFileType = image.png; name = "threads-posts-bg-iphone6@2x.png"; path = "Assets/background_images/threads-posts-bg-iphone6@2x.png"; sourceTree = "<group>"; };
		EFB57B461AE6658C001DDBB8 /* threads-posts-bg-iphone6plus@2x.png */ = {isa = PBXFileReference; lastKnownFileType = image.png; name = "threads-posts-bg-iphone6plus@2x.png"; path = "Assets/background_images/threads-posts-bg-iphone6plus@2x.png"; sourceTree = "<group>"; };
		EFB57B491AE6667A001DDBB8 /* threads-posts-bg-iphone5@2x.png */ = {isa = PBXFileReference; lastKnownFileType = image.png; name = "threads-posts-bg-iphone5@2x.png"; path = "Assets/background_images/threads-posts-bg-iphone5@2x.png"; sourceTree = "<group>"; };
		EFB57B4C1AE76B67001DDBB8 /* tabBarControllerUniversal.h */ = {isa = PBXFileReference; fileEncoding = 4; lastKnownFileType = sourcecode.c.h; path = tabBarControllerUniversal.h; sourceTree = "<group>"; };
		EFB57B4D1AE76B67001DDBB8 /* tabBarControllerUniversal.m */ = {isa = PBXFileReference; fileEncoding = 4; lastKnownFileType = sourcecode.c.objc; path = tabBarControllerUniversal.m; sourceTree = "<group>"; };
		EFC7F49C1AD86B73008A1975 /* libstdc++.6.dylib */ = {isa = PBXFileReference; lastKnownFileType = "compiled.mach-o.dylib"; name = "libstdc++.6.dylib"; path = "usr/lib/libstdc++.6.dylib"; sourceTree = SDKROOT; };
		EFC7F49E1ADB5E50008A1975 /* ThreadCellBackground.png */ = {isa = PBXFileReference; lastKnownFileType = image.png; name = ThreadCellBackground.png; path = Assets/thread_cell_icons/ThreadCellBackground.png; sourceTree = "<group>"; };
		EFC7F4A01ADC7644008A1975 /* postsViewController.h */ = {isa = PBXFileReference; fileEncoding = 4; lastKnownFileType = sourcecode.c.h; path = postsViewController.h; sourceTree = "<group>"; };
		EFC7F4A11ADC7644008A1975 /* postsViewController.m */ = {isa = PBXFileReference; fileEncoding = 4; lastKnownFileType = sourcecode.c.objc; path = postsViewController.m; sourceTree = "<group>"; };
		EFC7F4A31ADC9E91008A1975 /* addThreadViewController.h */ = {isa = PBXFileReference; fileEncoding = 4; lastKnownFileType = sourcecode.c.h; path = addThreadViewController.h; sourceTree = "<group>"; };
		EFC7F4A41ADC9E91008A1975 /* addThreadViewController.m */ = {isa = PBXFileReference; fileEncoding = 4; lastKnownFileType = sourcecode.c.objc; path = addThreadViewController.m; sourceTree = "<group>"; };
		EFF238741B0AA2A50009334B /* addPostViewController.h */ = {isa = PBXFileReference; fileEncoding = 4; lastKnownFileType = sourcecode.c.h; path = addPostViewController.h; sourceTree = "<group>"; };
		EFF238751B0AA2A50009334B /* addPostViewController.m */ = {isa = PBXFileReference; fileEncoding = 4; lastKnownFileType = sourcecode.c.objc; path = addPostViewController.m; sourceTree = "<group>"; };
		EFF74DCB1B13FDFD00B8752E /* ProgressHUD.bundle */ = {isa = PBXFileReference; lastKnownFileType = "wrapper.plug-in"; path = ProgressHUD.bundle; sourceTree = "<group>"; };
/* End PBXFileReference section */

/* Begin PBXFrameworksBuildPhase section */
		EF6955781ABCA15500707E61 /* Frameworks */ = {
			isa = PBXFrameworksBuildPhase;
			buildActionMask = 2147483647;
			files = (
				EFC7F49D1AD86B73008A1975 /* libstdc++.6.dylib in Frameworks */,
				EF6955D81ABF218C00707E61 /* Accounts.framework in Frameworks */,
				EF6955D61ABF217D00707E61 /* Social.framework in Frameworks */,
				EF6955BD1ABCA26700707E61 /* AudioToolbox.framework in Frameworks */,
				EF6955BE1ABCA26700707E61 /* CFNetwork.framework in Frameworks */,
				EF6955BF1ABCA26700707E61 /* CoreGraphics.framework in Frameworks */,
				EF6955C01ABCA26700707E61 /* CoreLocation.framework in Frameworks */,
				EF6955C11ABCA26700707E61 /* libsqlite3.dylib in Frameworks */,
				EF6955C21ABCA26700707E61 /* libz.dylib in Frameworks */,
				EF6955C31ABCA26700707E61 /* MobileCoreServices.framework in Frameworks */,
				EF6955C41ABCA26700707E61 /* QuartzCore.framework in Frameworks */,
				EF6955C51ABCA26700707E61 /* Security.framework in Frameworks */,
				EF6955C61ABCA26700707E61 /* StoreKit.framework in Frameworks */,
				EF6955C71ABCA26700707E61 /* SystemConfiguration.framework in Frameworks */,
				A4FE6D4213C78289648ADE4A /* libPods-Maelstrom.a in Frameworks */,
			);
			runOnlyForDeploymentPostprocessing = 0;
		};
		EF6955941ABCA15500707E61 /* Frameworks */ = {
			isa = PBXFrameworksBuildPhase;
			buildActionMask = 2147483647;
			files = (
			);
			runOnlyForDeploymentPostprocessing = 0;
		};
/* End PBXFrameworksBuildPhase section */

/* Begin PBXGroup section */
		EF19DC751ACEA268002C75FC /* Assets */ = {
			isa = PBXGroup;
			children = (
				EF950CB71B008FF500DB5D71 /* Post Cell Images */,
				EFB57B441AE6655B001DDBB8 /* Backgrounds */,
				EFB57B211AE64AEC001DDBB8 /* Category Titles */,
				EFA122E01AD5C60B00D524EE /* Launch Screen */,
				EFA122991AD1604D00D524EE /* Nav Bar Titles */,
				EFA122741AD094B700D524EE /* Thread Cell Images */,
				EFA1223D1AD0579F00D524EE /* Tab Bar Icons */,
				EF19DC841ACF22D9002C75FC /* Category Icons */,
				EF19DC821ACF1FCF002C75FC /* LogoNavigationBar@2x.png */,
				EF7696D61AD0494800F2AA8C /* LargeLogoNavigationBar@2x.png */,
				EF19DCA51ACF3336002C75FC /* NavigationBarShadow@2x.png */,
				EF19DC761ACEA29A002C75FC /* Categories.png */,
				EF19DC771ACEA29A002C75FC /* Categories@2x.png */,
				EF19DC7A1ACEA29A002C75FC /* Threads.png */,
				EF19DC7B1ACEA29A002C75FC /* Threads@2x.png */,
			);
			name = Assets;
			sourceTree = "<group>";
		};
		EF19DC841ACF22D9002C75FC /* Category Icons */ = {
			isa = PBXGroup;
			children = (
				EF19DC851ACF22EA002C75FC /* Automotive.png */,
				EF19DC861ACF22EA002C75FC /* Education.png */,
				EF19DC871ACF22EA002C75FC /* Electronics.png */,
				EF19DC881ACF22EA002C75FC /* Fitness.png */,
				EF19DC891ACF22EA002C75FC /* Food.png */,
				EF19DC8A1ACF22EA002C75FC /* Gaming.png */,
				EF19DC8B1ACF22EA002C75FC /* Graduate.png */,
				EF19DC8C1ACF22EA002C75FC /* Home_DIY.png */,
				EF19DC8D1ACF22EA002C75FC /* Jobs.png */,
				EF19DC8E1ACF22EA002C75FC /* Money.png */,
				EF19DC8F1ACF22EA002C75FC /* Movies.png */,
				EF19DC901ACF22EA002C75FC /* Music.png */,
				EF19DC911ACF22EA002C75FC /* Hobbies.png */,
				EF19DC921ACF22EA002C75FC /* Sports.png */,
				EF19DC931ACF22EA002C75FC /* Travel.png */,
				EF19DC941ACF22EA002C75FC /* TV.png */,
			);
			name = "Category Icons";
			sourceTree = "<group>";
		};
		EF4BAB291AE7B43C00134BBE /* ProgressHUD */ = {
			isa = PBXGroup;
			children = (
				EFF74DCB1B13FDFD00B8752E /* ProgressHUD.bundle */,
				EF4BAB2A1AE7B44E00134BBE /* ProgressHUD.h */,
				EF4BAB2B1AE7B44E00134BBE /* ProgressHUD.m */,
			);
			name = ProgressHUD;
			sourceTree = "<group>";
		};
		EF4BAB2D1AE7CF9600134BBE /* Login and Signup */ = {
			isa = PBXGroup;
			children = (
				EF6955CF1ABE9D7A00707E61 /* maelstromLogInViewController.h */,
				EF6955D01ABE9D7A00707E61 /* maelstromLogInViewController.m */,
				EF6955D21ABE9DB400707E61 /* maelstromSignUpViewController.h */,
				EF6955D31ABE9DB400707E61 /* maelstromSignUpViewController.m */,
			);
			name = "Login and Signup";
			sourceTree = "<group>";
		};
		EF6955721ABCA15500707E61 = {
			isa = PBXGroup;
			children = (
				EF6955A71ABCA1EC00707E61 /* Frameworks */,
				EF69557D1ABCA15500707E61 /* Maelstrom */,
				EF69559A1ABCA15500707E61 /* MaelstromTests */,
				EF69557C1ABCA15500707E61 /* Products */,
				F845657C6B7C0AFEE3F1629D /* Pods */,
			);
			sourceTree = "<group>";
		};
		EF69557C1ABCA15500707E61 /* Products */ = {
			isa = PBXGroup;
			children = (
				EF69557B1ABCA15500707E61 /* Maelstrom.app */,
				EF6955971ABCA15500707E61 /* MaelstromTests.xctest */,
			);
			name = Products;
			sourceTree = "<group>";
		};
		EF69557D1ABCA15500707E61 /* Maelstrom */ = {
			isa = PBXGroup;
			children = (
				EFB57B111AE6362B001DDBB8 /* Vendors */,
				EFA122871AD09A6F00D524EE /* Views */,
				EFE694421ACD926300B1131D /* Archived */,
				EF6955DA1AC0054800707E61 /* Controllers */,
				EF6955821ABCA15500707E61 /* AppDelegate.h */,
				EF6955831ABCA15500707E61 /* AppDelegate.m */,
				EF69558B1ABCA15500707E61 /* Main.storyboard */,
				EF69558E1ABCA15500707E61 /* Images.xcassets */,
				EF6955901ABCA15500707E61 /* LaunchScreen.xib */,
				EF19DC751ACEA268002C75FC /* Assets */,
				EF69557E1ABCA15500707E61 /* Supporting Files */,
			);
			path = Maelstrom;
			sourceTree = "<group>";
		};
		EF69557E1ABCA15500707E61 /* Supporting Files */ = {
			isa = PBXGroup;
			children = (
				EF69557F1ABCA15500707E61 /* Info.plist */,
				EF6955801ABCA15500707E61 /* main.m */,
			);
			name = "Supporting Files";
			sourceTree = "<group>";
		};
		EF69559A1ABCA15500707E61 /* MaelstromTests */ = {
			isa = PBXGroup;
			children = (
				EF69559D1ABCA15500707E61 /* MaelstromTests.m */,
				EF69559B1ABCA15500707E61 /* Supporting Files */,
			);
			path = MaelstromTests;
			sourceTree = "<group>";
		};
		EF69559B1ABCA15500707E61 /* Supporting Files */ = {
			isa = PBXGroup;
			children = (
				EF69559C1ABCA15500707E61 /* Info.plist */,
			);
			name = "Supporting Files";
			sourceTree = "<group>";
		};
		EF6955A71ABCA1EC00707E61 /* Frameworks */ = {
			isa = PBXGroup;
			children = (
				EFC7F49C1AD86B73008A1975 /* libstdc++.6.dylib */,
				EF6955D71ABF218C00707E61 /* Accounts.framework */,
				EF6955D51ABF217D00707E61 /* Social.framework */,
				EF6955B21ABCA26700707E61 /* AudioToolbox.framework */,
				EF6955B31ABCA26700707E61 /* CFNetwork.framework */,
				EF6955B41ABCA26700707E61 /* CoreGraphics.framework */,
				EF6955B51ABCA26700707E61 /* CoreLocation.framework */,
				EF6955B61ABCA26700707E61 /* libsqlite3.dylib */,
				EF6955B71ABCA26700707E61 /* libz.dylib */,
				EF6955B81ABCA26700707E61 /* MobileCoreServices.framework */,
				EF6955B91ABCA26700707E61 /* QuartzCore.framework */,
				EF6955BA1ABCA26700707E61 /* Security.framework */,
				EF6955BB1ABCA26700707E61 /* StoreKit.framework */,
				EF6955BC1ABCA26700707E61 /* SystemConfiguration.framework */,
				8ECF89F7A84FEE42DE49B929 /* libPods-Maelstrom.a */,
			);
			name = Frameworks;
			sourceTree = "<group>";
		};
		EF6955DA1AC0054800707E61 /* Controllers */ = {
			isa = PBXGroup;
			children = (
				EF4BAB2D1AE7CF9600134BBE /* Login and Signup */,
				EFB57B4B1AE76B3A001DDBB8 /* Tabs */,
				EF6955CC1ABE9D1C00707E61 /* initialViewController.h */,
				EF6955CD1ABE9D1C00707E61 /* initialViewController.m */,
			);
			name = Controllers;
			sourceTree = "<group>";
		};
		EF950CB71B008FF500DB5D71 /* Post Cell Images */ = {
			isa = PBXGroup;
			children = (
				EF950CBC1B00922A00DB5D71 /* icon-postscell-replyWithQuote.png */,
			);
			name = "Post Cell Images";
			sourceTree = "<group>";
		};
		EFA1223D1AD0579F00D524EE /* Tab Bar Icons */ = {
			isa = PBXGroup;
			children = (
				EFA1225E1AD0624400D524EE /* TabBar_Activity_Normal@2x.png */,
				EFA1225F1AD0624400D524EE /* TabBar_Activity_Selected@2x.png */,
				EFA122601AD0624400D524EE /* TabBar_Categories_Normal@2x.png */,
				EFA122611AD0624400D524EE /* TabBar_Categories_Selected@2x.png */,
				EFA122621AD0624400D524EE /* TabBar_Favourites_Normal@2x.png */,
				EFA122631AD0624400D524EE /* TabBar_Favourites_Selected@2x.png */,
				EFA122641AD0624400D524EE /* TabBar_Profile_Normal@2x.png */,
				EFA122651AD0624400D524EE /* TabBar_Profile_Selected@2x.png */,
			);
			name = "Tab Bar Icons";
			sourceTree = "<group>";
		};
		EFA122741AD094B700D524EE /* Thread Cell Images */ = {
			isa = PBXGroup;
			children = (
				EFC7F49E1ADB5E50008A1975 /* ThreadCellBackground.png */,
				EFA122751AD094C900D524EE /* ThreadCell_AddFavourite_Normal@2x.png */,
				EFA122761AD094C900D524EE /* ThreadCell_AddFavourite_Selected@2x.png */,
				EFA122771AD094C900D524EE /* ThreadCell_LastPostUser@2x.png */,
				EFA122791AD094C900D524EE /* ThreadCell_NumberOfPosts@2x.png */,
				EFA1227A1AD094C900D524EE /* ThreadCell_NumberOfViews@2x.png */,
				EFA1227B1AD094C900D524EE /* ThreadCell_Time@2x.png */,
				EFA1227C1AD094C900D524EE /* threadCellHorizontalLine@2x.png */,
				EFA1227D1AD094C900D524EE /* threadCellVerticalLine@2x.png */,
			);
			name = "Thread Cell Images";
			sourceTree = "<group>";
		};
		EFA122871AD09A6F00D524EE /* Views */ = {
			isa = PBXGroup;
			children = (
				EFA122881AD09BE800D524EE /* threadCell.h */,
				EFA122891AD09BE800D524EE /* threadCell.m */,
				EFA122721AD0856900D524EE /* threadCell.xib */,
				EF950CA91AF7281F00DB5D71 /* postCellLeft.h */,
				EF950CAA1AF7281F00DB5D71 /* postCellLeft.m */,
				EF950CAF1AF7289700DB5D71 /* postCellLeft.xib */,
				EF950CAC1AF7283800DB5D71 /* postCellRight.h */,
				EF950CAD1AF7283800DB5D71 /* postCellRight.m */,
				EF950CB51AF72CA500DB5D71 /* postCellRight.xib */,
			);
			name = Views;
			sourceTree = "<group>";
		};
		EFA122991AD1604D00D524EE /* Nav Bar Titles */ = {
			isa = PBXGroup;
			children = (
				EFA122BE1AD1662D00D524EE /* navigationBar_Drive@2x.png */,
				EFA122BF1AD1662D00D524EE /* navigationBar_Education@2x.png */,
				EFA122C01AD1662D00D524EE /* navigationBar_Electronics@2x.png */,
				EFA122C11AD1662D00D524EE /* navigationBar_Fitness@2x.png */,
				EFA122C21AD1662D00D524EE /* navigationBar_Food@2x.png */,
				EFA122C31AD1662D00D524EE /* navigationBar_Games@2x.png */,
				EFA122C41AD1662D00D524EE /* navigationBar_Graduates@2x.png */,
				EFA122C51AD1662D00D524EE /* navigationBar_Hobbies@2x.png */,
				EFA122C61AD1662D00D524EE /* navigationBar_Home@2x.png */,
				EFA122C71AD1662D00D524EE /* navigationBar_Money@2x.png */,
				EFA122C81AD1662D00D524EE /* navigationBar_Movies@2x.png */,
				EFA122C91AD1662D00D524EE /* navigationBar_Music@2x.png */,
				EFA122CA1AD1662D00D524EE /* navigationBar_Sports@2x.png */,
				EFA122CB1AD1662D00D524EE /* navigationBar_Travel@2x.png */,
				EFA122CC1AD1662D00D524EE /* navigationBar_TVShows@2x.png */,
				EFA122BC1AD162C900D524EE /* navigationBar_Jobs@2x.png */,
			);
			name = "Nav Bar Titles";
			sourceTree = "<group>";
		};
		EFA122E01AD5C60B00D524EE /* Launch Screen */ = {
			isa = PBXGroup;
			children = (
				EFA122E51AD5C78900D524EE /* LaunchImageWithIcon@2x.png */,
				EFA122E11AD5C61F00D524EE /* LaunchImage@2x.png */,
				EFA122E21AD5C61F00D524EE /* maelstrom_icon.png */,
			);
			name = "Launch Screen";
			sourceTree = "<group>";
		};
		EFB57B111AE6362B001DDBB8 /* Vendors */ = {
			isa = PBXGroup;
			children = (
				EF4BAB291AE7B43C00134BBE /* ProgressHUD */,
				EFB57B1E1AE64374001DDBB8 /* Device Identifier */,
			);
			name = Vendors;
			sourceTree = "<group>";
		};
		EFB57B1E1AE64374001DDBB8 /* Device Identifier */ = {
			isa = PBXGroup;
			children = (
				EFB57B161AE637DC001DDBB8 /* UIDeviceHardware.m */,
				EFB57B151AE637DC001DDBB8 /* UIDeviceHardware.h */,
			);
			name = "Device Identifier";
			sourceTree = "<group>";
		};
		EFB57B211AE64AEC001DDBB8 /* Category Titles */ = {
			isa = PBXGroup;
			children = (
				EFB57B221AE65689001DDBB8 /* categories-drive-title@2x.png */,
				EFB57B231AE65689001DDBB8 /* categories-education-title@2x.png */,
				EFB57B241AE65689001DDBB8 /* categories-electronics-title@2x.png */,
				EFB57B251AE65689001DDBB8 /* categories-fitness-title@2x.png */,
				EFB57B261AE65689001DDBB8 /* categories-food-title@2x.png */,
				EFB57B421AE656DD001DDBB8 /* categories-graduates-title@2x.png */,
				EFB57B271AE65689001DDBB8 /* categories-games-title@2x.png */,
				EFB57B291AE65689001DDBB8 /* categories-hobbies-title@2x.png */,
				EFB57B2A1AE65689001DDBB8 /* categories-home-title@2x.png */,
				EFB57B2B1AE65689001DDBB8 /* categories-jobs-title@2x.png */,
				EFB57B2C1AE65689001DDBB8 /* categories-money-title@2x.png */,
				EFB57B2D1AE65689001DDBB8 /* categories-movies-title@2x.png */,
				EFB57B2E1AE65689001DDBB8 /* categories-music-title@2x.png */,
				EFB57B2F1AE65689001DDBB8 /* categories-sports-title@2x.png */,
				EFB57B301AE65689001DDBB8 /* categories-travel-title@2x.png */,
				EFB57B311AE65689001DDBB8 /* categories-tvshows-title@2x.png */,
			);
			name = "Category Titles";
			sourceTree = "<group>";
		};
		EFB57B441AE6655B001DDBB8 /* Backgrounds */ = {
			isa = PBXGroup;
			children = (
				EFB57B491AE6667A001DDBB8 /* threads-posts-bg-iphone5@2x.png */,
				EFB57B451AE6658C001DDBB8 /* threads-posts-bg-iphone6@2x.png */,
				EFB57B461AE6658C001DDBB8 /* threads-posts-bg-iphone6plus@2x.png */,
				EFB57B181AE63FF7001DDBB8 /* categories-bg-iphone5@2x.png */,
				EFB57B191AE63FF7001DDBB8 /* categories-bg-iphone6@2x.png */,
				EFB57B1A1AE63FF7001DDBB8 /* categories-bg-iphone6plus@2x.png */,
				EFA122DC1AD5BB9300D524EE /* background@2x.png */,
				EFA122DD1AD5BB9300D524EE /* background@3x.png */,
			);
			name = Backgrounds;
			sourceTree = "<group>";
		};
		EFB57B4B1AE76B3A001DDBB8 /* Tabs */ = {
			isa = PBXGroup;
			children = (
				EFB57B531AE7740B001DDBB8 /* Tab Bar Controller */,
				EFB57B4F1AE77399001DDBB8 /* 01 Categories */,
				EFB57B501AE773A7001DDBB8 /* 02 Favourites */,
				EFB57B511AE773B3001DDBB8 /* 03 Activity */,
				EFB57B521AE773BB001DDBB8 /* 04 Profile */,
			);
			name = Tabs;
			sourceTree = "<group>";
		};
		EFB57B4F1AE77399001DDBB8 /* 01 Categories */ = {
			isa = PBXGroup;
			children = (
				EF0CF5DB1ACD46A7005B4EFA /* categoriesViewController.h */,
				EF0CF5DC1ACD46A7005B4EFA /* categoriesViewController.m */,
				EFA122951AD113DD00D524EE /* threadsViewController.h */,
				EFA122961AD113DD00D524EE /* threadsViewController.m */,
				EFC7F4A01ADC7644008A1975 /* postsViewController.h */,
				EFC7F4A11ADC7644008A1975 /* postsViewController.m */,
				EFC7F4A31ADC9E91008A1975 /* addThreadViewController.h */,
				EFC7F4A41ADC9E91008A1975 /* addThreadViewController.m */,
				EFB57B081ADF8B4C001DDBB8 /* addThreadQuestionViewController.h */,
				EFB57B091ADF8B4C001DDBB8 /* addThreadQuestionViewController.m */,
				EFF238741B0AA2A50009334B /* addPostViewController.h */,
				EFF238751B0AA2A50009334B /* addPostViewController.m */,
			);
			name = "01 Categories";
			sourceTree = "<group>";
		};
		EFB57B501AE773A7001DDBB8 /* 02 Favourites */ = {
			isa = PBXGroup;
			children = (
			);
			name = "02 Favourites";
			sourceTree = "<group>";
		};
		EFB57B511AE773B3001DDBB8 /* 03 Activity */ = {
			isa = PBXGroup;
			children = (
			);
			name = "03 Activity";
			sourceTree = "<group>";
		};
		EFB57B521AE773BB001DDBB8 /* 04 Profile */ = {
			isa = PBXGroup;
			children = (
			);
			name = "04 Profile";
			sourceTree = "<group>";
		};
		EFB57B531AE7740B001DDBB8 /* Tab Bar Controller */ = {
			isa = PBXGroup;
			children = (
				EFB57B4C1AE76B67001DDBB8 /* tabBarControllerUniversal.h */,
				EFB57B4D1AE76B67001DDBB8 /* tabBarControllerUniversal.m */,
			);
			name = "Tab Bar Controller";
			sourceTree = "<group>";
		};
		EFE694421ACD926300B1131D /* Archived */ = {
			isa = PBXGroup;
			children = (
				EF6955851ABCA15500707E61 /* bobMainViewController.h */,
				EF6955861ABCA15500707E61 /* bobMainViewController.m */,
				EF6955881ABCA15500707E61 /* trendingQuestionsViewController.h */,
				EF6955891ABCA15500707E61 /* trendingQuestionsViewController.m */,
			);
			name = Archived;
			sourceTree = "<group>";
		};
		F845657C6B7C0AFEE3F1629D /* Pods */ = {
			isa = PBXGroup;
			children = (
				630C515D8E80320001BDC73B /* Pods-Maelstrom.debug.xcconfig */,
				893320EE70A67331EEF90DC5 /* Pods-Maelstrom.release.xcconfig */,
			);
			name = Pods;
			sourceTree = "<group>";
		};
/* End PBXGroup section */

/* Begin PBXNativeTarget section */
		EF69557A1ABCA15500707E61 /* Maelstrom */ = {
			isa = PBXNativeTarget;
			buildConfigurationList = EF6955A11ABCA15500707E61 /* Build configuration list for PBXNativeTarget "Maelstrom" */;
			buildPhases = (
				B683CCEDEE49201598FA27CF /* Check Pods Manifest.lock */,
				EF6955771ABCA15500707E61 /* Sources */,
				EF6955781ABCA15500707E61 /* Frameworks */,
				EF6955791ABCA15500707E61 /* Resources */,
				04B6B3B2D0046FD8EA63649B /* Copy Pods Resources */,
			);
			buildRules = (
			);
			dependencies = (
			);
			name = Maelstrom;
			productName = Maelstrom;
			productReference = EF69557B1ABCA15500707E61 /* Maelstrom.app */;
			productType = "com.apple.product-type.application";
		};
		EF6955961ABCA15500707E61 /* MaelstromTests */ = {
			isa = PBXNativeTarget;
			buildConfigurationList = EF6955A41ABCA15500707E61 /* Build configuration list for PBXNativeTarget "MaelstromTests" */;
			buildPhases = (
				EF6955931ABCA15500707E61 /* Sources */,
				EF6955941ABCA15500707E61 /* Frameworks */,
				EF6955951ABCA15500707E61 /* Resources */,
			);
			buildRules = (
			);
			dependencies = (
				EF6955991ABCA15500707E61 /* PBXTargetDependency */,
			);
			name = MaelstromTests;
			productName = MaelstromTests;
			productReference = EF6955971ABCA15500707E61 /* MaelstromTests.xctest */;
			productType = "com.apple.product-type.bundle.unit-test";
		};
/* End PBXNativeTarget section */

/* Begin PBXProject section */
		EF6955731ABCA15500707E61 /* Project object */ = {
			isa = PBXProject;
			attributes = {
				LastUpgradeCheck = 0620;
				ORGANIZATIONNAME = "Peter Gow";
				TargetAttributes = {
					EF69557A1ABCA15500707E61 = {
						CreatedOnToolsVersion = 6.2;
					};
					EF6955961ABCA15500707E61 = {
						CreatedOnToolsVersion = 6.2;
						TestTargetID = EF69557A1ABCA15500707E61;
					};
				};
			};
			buildConfigurationList = EF6955761ABCA15500707E61 /* Build configuration list for PBXProject "Maelstrom" */;
			compatibilityVersion = "Xcode 3.2";
			developmentRegion = English;
			hasScannedForEncodings = 0;
			knownRegions = (
				en,
				Base,
			);
			mainGroup = EF6955721ABCA15500707E61;
			productRefGroup = EF69557C1ABCA15500707E61 /* Products */;
			projectDirPath = "";
			projectRoot = "";
			targets = (
				EF69557A1ABCA15500707E61 /* Maelstrom */,
				EF6955961ABCA15500707E61 /* MaelstromTests */,
			);
		};
/* End PBXProject section */

/* Begin PBXResourcesBuildPhase section */
		EF6955791ABCA15500707E61 /* Resources */ = {
			isa = PBXResourcesBuildPhase;
			buildActionMask = 2147483647;
			files = (
				EFB57B321AE65689001DDBB8 /* categories-drive-title@2x.png in Resources */,
				EFB57B4A1AE6667A001DDBB8 /* threads-posts-bg-iphone5@2x.png in Resources */,
				EF19DC9E1ACF22EA002C75FC /* Money.png in Resources */,
				EFA122801AD094C900D524EE /* ThreadCell_LastPostUser@2x.png in Resources */,
				EFB57B3D1AE65689001DDBB8 /* categories-movies-title@2x.png in Resources */,
				EF19DC961ACF22EA002C75FC /* Education.png in Resources */,
				EFA1226D1AD0624400D524EE /* TabBar_Profile_Selected@2x.png in Resources */,
				EF19DC971ACF22EA002C75FC /* Electronics.png in Resources */,
				EFA122D71AD1662D00D524EE /* navigationBar_Movies@2x.png in Resources */,
				EFB57B1D1AE63FF7001DDBB8 /* categories-bg-iphone6plus@2x.png in Resources */,
				EFA1227F1AD094C900D524EE /* ThreadCell_AddFavourite_Selected@2x.png in Resources */,
				EF19DCA61ACF3336002C75FC /* NavigationBarShadow@2x.png in Resources */,
				EF19DC801ACEA29A002C75FC /* Threads.png in Resources */,
				EF69558D1ABCA15500707E61 /* Main.storyboard in Resources */,
				EF19DC951ACF22EA002C75FC /* Automotive.png in Resources */,
				EF19DC991ACF22EA002C75FC /* Food.png in Resources */,
				EFF74DCC1B13FDFD00B8752E /* ProgressHUD.bundle in Resources */,
				EFB57B471AE6658C001DDBB8 /* threads-posts-bg-iphone6@2x.png in Resources */,
				EFB57B1B1AE63FF7001DDBB8 /* categories-bg-iphone5@2x.png in Resources */,
				EF19DC7D1ACEA29A002C75FC /* Categories@2x.png in Resources */,
				EFA122DA1AD1662D00D524EE /* navigationBar_Travel@2x.png in Resources */,
				EFA122D01AD1662D00D524EE /* navigationBar_Fitness@2x.png in Resources */,
				EF19DC981ACF22EA002C75FC /* Fitness.png in Resources */,
				EFA122731AD0856900D524EE /* threadCell.xib in Resources */,
				EFA122D51AD1662D00D524EE /* navigationBar_Home@2x.png in Resources */,
				EFA122D21AD1662D00D524EE /* navigationBar_Games@2x.png in Resources */,
				EF19DC831ACF1FCF002C75FC /* LogoNavigationBar@2x.png in Resources */,
				EFB57B3C1AE65689001DDBB8 /* categories-money-title@2x.png in Resources */,
				EFA122CF1AD1662D00D524EE /* navigationBar_Electronics@2x.png in Resources */,
				EFA122D91AD1662D00D524EE /* navigationBar_Sports@2x.png in Resources */,
				EFB57B1C1AE63FF7001DDBB8 /* categories-bg-iphone6@2x.png in Resources */,
				EF6955921ABCA15500707E61 /* LaunchScreen.xib in Resources */,
				EFA122CD1AD1662D00D524EE /* navigationBar_Drive@2x.png in Resources */,
				EFA122D31AD1662D00D524EE /* navigationBar_Graduates@2x.png in Resources */,
				EFA1226B1AD0624400D524EE /* TabBar_Favourites_Selected@2x.png in Resources */,
				EFB57B371AE65689001DDBB8 /* categories-games-title@2x.png in Resources */,
				EFB57B481AE6658C001DDBB8 /* threads-posts-bg-iphone6plus@2x.png in Resources */,
				EFB57B341AE65689001DDBB8 /* categories-electronics-title@2x.png in Resources */,
				EF19DCA41ACF22EA002C75FC /* TV.png in Resources */,
				EFA1226C1AD0624400D524EE /* TabBar_Profile_Normal@2x.png in Resources */,
				EFA122E31AD5C61F00D524EE /* LaunchImage@2x.png in Resources */,
				EFC7F49F1ADB5E50008A1975 /* ThreadCellBackground.png in Resources */,
				EF19DC9B1ACF22EA002C75FC /* Graduate.png in Resources */,
				EF950CB01AF7289700DB5D71 /* postCellLeft.xib in Resources */,
				EF19DC9A1ACF22EA002C75FC /* Gaming.png in Resources */,
				EFA122D41AD1662D00D524EE /* navigationBar_Hobbies@2x.png in Resources */,
				EFA1226A1AD0624400D524EE /* TabBar_Favourites_Normal@2x.png in Resources */,
				EFA122E41AD5C61F00D524EE /* maelstrom_icon.png in Resources */,
				EF7696D71AD0494800F2AA8C /* LargeLogoNavigationBar@2x.png in Resources */,
				EFB57B401AE65689001DDBB8 /* categories-travel-title@2x.png in Resources */,
				EFA122841AD094C900D524EE /* ThreadCell_Time@2x.png in Resources */,
				EFA122691AD0624400D524EE /* TabBar_Categories_Selected@2x.png in Resources */,
				EFB57B431AE656DD001DDBB8 /* categories-graduates-title@2x.png in Resources */,
				EFB57B391AE65689001DDBB8 /* categories-hobbies-title@2x.png in Resources */,
				EFA122DB1AD1662D00D524EE /* navigationBar_TVShows@2x.png in Resources */,
				EFA1227E1AD094C900D524EE /* ThreadCell_AddFavourite_Normal@2x.png in Resources */,
				EFA122DF1AD5BB9300D524EE /* background@3x.png in Resources */,
				EFB57B361AE65689001DDBB8 /* categories-food-title@2x.png in Resources */,
				EF69558F1ABCA15500707E61 /* Images.xcassets in Resources */,
				EFA122821AD094C900D524EE /* ThreadCell_NumberOfPosts@2x.png in Resources */,
				EFB57B411AE65689001DDBB8 /* categories-tvshows-title@2x.png in Resources */,
				EFB57B3A1AE65689001DDBB8 /* categories-home-title@2x.png in Resources */,
				EF19DC9D1ACF22EA002C75FC /* Jobs.png in Resources */,
				EFA122DE1AD5BB9300D524EE /* background@2x.png in Resources */,
				EFA122CE1AD1662D00D524EE /* navigationBar_Education@2x.png in Resources */,
				EFA122E61AD5C78900D524EE /* LaunchImageWithIcon@2x.png in Resources */,
				EF19DC9C1ACF22EA002C75FC /* Home_DIY.png in Resources */,
				EFB57B351AE65689001DDBB8 /* categories-fitness-title@2x.png in Resources */,
				EFA122671AD0624400D524EE /* TabBar_Activity_Selected@2x.png in Resources */,
				EFB57B3B1AE65689001DDBB8 /* categories-jobs-title@2x.png in Resources */,
				EF19DC7C1ACEA29A002C75FC /* Categories.png in Resources */,
				EFA122BD1AD162C900D524EE /* navigationBar_Jobs@2x.png in Resources */,
				EFB57B331AE65689001DDBB8 /* categories-education-title@2x.png in Resources */,
				EFA122D11AD1662D00D524EE /* navigationBar_Food@2x.png in Resources */,
				EFA122851AD094C900D524EE /* threadCellHorizontalLine@2x.png in Resources */,
				EFA122861AD094C900D524EE /* threadCellVerticalLine@2x.png in Resources */,
				EFA122831AD094C900D524EE /* ThreadCell_NumberOfViews@2x.png in Resources */,
				EFA122D61AD1662D00D524EE /* navigationBar_Money@2x.png in Resources */,
				EFA122681AD0624400D524EE /* TabBar_Categories_Normal@2x.png in Resources */,
				EF19DCA01ACF22EA002C75FC /* Music.png in Resources */,
				EF19DCA21ACF22EA002C75FC /* Sports.png in Resources */,
				EF19DC9F1ACF22EA002C75FC /* Movies.png in Resources */,
				EF19DCA31ACF22EA002C75FC /* Travel.png in Resources */,
				EF950CBD1B00922A00DB5D71 /* icon-postscell-replyWithQuote.png in Resources */,
				EFB57B3E1AE65689001DDBB8 /* categories-music-title@2x.png in Resources */,
				EF950CB61AF72CA500DB5D71 /* postCellRight.xib in Resources */,
				EFB57B3F1AE65689001DDBB8 /* categories-sports-title@2x.png in Resources */,
				EF19DCA11ACF22EA002C75FC /* Hobbies.png in Resources */,
				EF19DC811ACEA29A002C75FC /* Threads@2x.png in Resources */,
				EFA122661AD0624400D524EE /* TabBar_Activity_Normal@2x.png in Resources */,
				EFA122D81AD1662D00D524EE /* navigationBar_Music@2x.png in Resources */,
			);
			runOnlyForDeploymentPostprocessing = 0;
		};
		EF6955951ABCA15500707E61 /* Resources */ = {
			isa = PBXResourcesBuildPhase;
			buildActionMask = 2147483647;
			files = (
			);
			runOnlyForDeploymentPostprocessing = 0;
		};
/* End PBXResourcesBuildPhase section */

/* Begin PBXShellScriptBuildPhase section */
		04B6B3B2D0046FD8EA63649B /* Copy Pods Resources */ = {
			isa = PBXShellScriptBuildPhase;
			buildActionMask = 2147483647;
			files = (
			);
			inputPaths = (
			);
			name = "Copy Pods Resources";
			outputPaths = (
			);
			runOnlyForDeploymentPostprocessing = 0;
			shellPath = /bin/sh;
			shellScript = "\"${SRCROOT}/Pods/Target Support Files/Pods-Maelstrom/Pods-Maelstrom-resources.sh\"\n";
			showEnvVarsInLog = 0;
		};
		B683CCEDEE49201598FA27CF /* Check Pods Manifest.lock */ = {
			isa = PBXShellScriptBuildPhase;
			buildActionMask = 2147483647;
			files = (
			);
			inputPaths = (
			);
			name = "Check Pods Manifest.lock";
			outputPaths = (
			);
			runOnlyForDeploymentPostprocessing = 0;
			shellPath = /bin/sh;
			shellScript = "diff \"${PODS_ROOT}/../Podfile.lock\" \"${PODS_ROOT}/Manifest.lock\" > /dev/null\nif [[ $? != 0 ]] ; then\n    cat << EOM\nerror: The sandbox is not in sync with the Podfile.lock. Run 'pod install' or update your CocoaPods installation.\nEOM\n    exit 1\nfi\n";
			showEnvVarsInLog = 0;
		};
/* End PBXShellScriptBuildPhase section */

/* Begin PBXSourcesBuildPhase section */
		EF6955771ABCA15500707E61 /* Sources */ = {
			isa = PBXSourcesBuildPhase;
			buildActionMask = 2147483647;
			files = (
				EF950CAB1AF7281F00DB5D71 /* postCellLeft.m in Sources */,
				EFB57B0A1ADF8B4C001DDBB8 /* addThreadQuestionViewController.m in Sources */,
				EFB57B171AE637DC001DDBB8 /* UIDeviceHardware.m in Sources */,
				EF69558A1ABCA15500707E61 /* trendingQuestionsViewController.m in Sources */,
				EF6955841ABCA15500707E61 /* AppDelegate.m in Sources */,
				EF0CF5DD1ACD46A7005B4EFA /* categoriesViewController.m in Sources */,
				EF6955CE1ABE9D1C00707E61 /* initialViewController.m in Sources */,
				EF6955871ABCA15500707E61 /* bobMainViewController.m in Sources */,
				EFA1228A1AD09BE800D524EE /* threadCell.m in Sources */,
				EFA122971AD113DD00D524EE /* threadsViewController.m in Sources */,
				EFF238761B0AA2A50009334B /* addPostViewController.m in Sources */,
				EF950CAE1AF7283800DB5D71 /* postCellRight.m in Sources */,
				EF6955D41ABE9DB400707E61 /* maelstromSignUpViewController.m in Sources */,
				EFC7F4A51ADC9E91008A1975 /* addThreadViewController.m in Sources */,
				EF6955D11ABE9D7A00707E61 /* maelstromLogInViewController.m in Sources */,
				EFB57B4E1AE76B67001DDBB8 /* tabBarControllerUniversal.m in Sources */,
				EFC7F4A21ADC7644008A1975 /* postsViewController.m in Sources */,
				EF4BAB2C1AE7B44E00134BBE /* ProgressHUD.m in Sources */,
				EF6955811ABCA15500707E61 /* main.m in Sources */,
			);
			runOnlyForDeploymentPostprocessing = 0;
		};
		EF6955931ABCA15500707E61 /* Sources */ = {
			isa = PBXSourcesBuildPhase;
			buildActionMask = 2147483647;
			files = (
				EF69559E1ABCA15500707E61 /* MaelstromTests.m in Sources */,
			);
			runOnlyForDeploymentPostprocessing = 0;
		};
/* End PBXSourcesBuildPhase section */

/* Begin PBXTargetDependency section */
		EF6955991ABCA15500707E61 /* PBXTargetDependency */ = {
			isa = PBXTargetDependency;
			target = EF69557A1ABCA15500707E61 /* Maelstrom */;
			targetProxy = EF6955981ABCA15500707E61 /* PBXContainerItemProxy */;
		};
/* End PBXTargetDependency section */

/* Begin PBXVariantGroup section */
		EF69558B1ABCA15500707E61 /* Main.storyboard */ = {
			isa = PBXVariantGroup;
			children = (
				EF69558C1ABCA15500707E61 /* Base */,
			);
			name = Main.storyboard;
			sourceTree = "<group>";
		};
		EF6955901ABCA15500707E61 /* LaunchScreen.xib */ = {
			isa = PBXVariantGroup;
			children = (
				EF6955911ABCA15500707E61 /* Base */,
			);
			name = LaunchScreen.xib;
			sourceTree = "<group>";
		};
/* End PBXVariantGroup section */

/* Begin XCBuildConfiguration section */
		EF69559F1ABCA15500707E61 /* Debug */ = {
			isa = XCBuildConfiguration;
			buildSettings = {
				ALWAYS_SEARCH_USER_PATHS = NO;
				CLANG_CXX_LANGUAGE_STANDARD = "gnu++0x";
				CLANG_CXX_LIBRARY = "libc++";
				CLANG_ENABLE_MODULES = YES;
				CLANG_ENABLE_OBJC_ARC = YES;
				CLANG_WARN_BOOL_CONVERSION = YES;
				CLANG_WARN_CONSTANT_CONVERSION = YES;
				CLANG_WARN_DIRECT_OBJC_ISA_USAGE = YES_ERROR;
				CLANG_WARN_EMPTY_BODY = YES;
				CLANG_WARN_ENUM_CONVERSION = YES;
				CLANG_WARN_INT_CONVERSION = YES;
				CLANG_WARN_OBJC_ROOT_CLASS = YES_ERROR;
				CLANG_WARN_UNREACHABLE_CODE = YES;
				CLANG_WARN__DUPLICATE_METHOD_MATCH = YES;
				"CODE_SIGN_IDENTITY[sdk=iphoneos*]" = "iPhone Developer";
				COPY_PHASE_STRIP = NO;
				ENABLE_STRICT_OBJC_MSGSEND = YES;
				GCC_C_LANGUAGE_STANDARD = gnu99;
				GCC_DYNAMIC_NO_PIC = NO;
				GCC_OPTIMIZATION_LEVEL = 0;
				GCC_PREPROCESSOR_DEFINITIONS = (
					"DEBUG=1",
					"$(inherited)",
				);
				GCC_SYMBOLS_PRIVATE_EXTERN = NO;
				GCC_WARN_64_TO_32_BIT_CONVERSION = YES;
				GCC_WARN_ABOUT_RETURN_TYPE = YES_ERROR;
				GCC_WARN_UNDECLARED_SELECTOR = YES;
				GCC_WARN_UNINITIALIZED_AUTOS = YES_AGGRESSIVE;
				GCC_WARN_UNUSED_FUNCTION = YES;
				GCC_WARN_UNUSED_VARIABLE = YES;
				IPHONEOS_DEPLOYMENT_TARGET = 8.2;
				MTL_ENABLE_DEBUG_INFO = YES;
				ONLY_ACTIVE_ARCH = YES;
				SDKROOT = iphoneos;
				TARGETED_DEVICE_FAMILY = "1,2";
			};
			name = Debug;
		};
		EF6955A01ABCA15500707E61 /* Release */ = {
			isa = XCBuildConfiguration;
			buildSettings = {
				ALWAYS_SEARCH_USER_PATHS = NO;
				CLANG_CXX_LANGUAGE_STANDARD = "gnu++0x";
				CLANG_CXX_LIBRARY = "libc++";
				CLANG_ENABLE_MODULES = YES;
				CLANG_ENABLE_OBJC_ARC = YES;
				CLANG_WARN_BOOL_CONVERSION = YES;
				CLANG_WARN_CONSTANT_CONVERSION = YES;
				CLANG_WARN_DIRECT_OBJC_ISA_USAGE = YES_ERROR;
				CLANG_WARN_EMPTY_BODY = YES;
				CLANG_WARN_ENUM_CONVERSION = YES;
				CLANG_WARN_INT_CONVERSION = YES;
				CLANG_WARN_OBJC_ROOT_CLASS = YES_ERROR;
				CLANG_WARN_UNREACHABLE_CODE = YES;
				CLANG_WARN__DUPLICATE_METHOD_MATCH = YES;
				"CODE_SIGN_IDENTITY[sdk=iphoneos*]" = "iPhone Developer";
				COPY_PHASE_STRIP = NO;
				ENABLE_NS_ASSERTIONS = NO;
				ENABLE_STRICT_OBJC_MSGSEND = YES;
				GCC_C_LANGUAGE_STANDARD = gnu99;
				GCC_WARN_64_TO_32_BIT_CONVERSION = YES;
				GCC_WARN_ABOUT_RETURN_TYPE = YES_ERROR;
				GCC_WARN_UNDECLARED_SELECTOR = YES;
				GCC_WARN_UNINITIALIZED_AUTOS = YES_AGGRESSIVE;
				GCC_WARN_UNUSED_FUNCTION = YES;
				GCC_WARN_UNUSED_VARIABLE = YES;
				IPHONEOS_DEPLOYMENT_TARGET = 8.2;
				MTL_ENABLE_DEBUG_INFO = NO;
				SDKROOT = iphoneos;
				TARGETED_DEVICE_FAMILY = "1,2";
				VALIDATE_PRODUCT = YES;
			};
			name = Release;
		};
		EF6955A21ABCA15500707E61 /* Debug */ = {
			isa = XCBuildConfiguration;
			baseConfigurationReference = 630C515D8E80320001BDC73B /* Pods-Maelstrom.debug.xcconfig */;
			buildSettings = {
				ASSETCATALOG_COMPILER_APPICON_NAME = AppIcon;
				FRAMEWORK_SEARCH_PATHS = (
					"$(inherited)",
					"$(PROJECT_DIR)",
				);
				INFOPLIST_FILE = Maelstrom/Info.plist;
				LD_RUNPATH_SEARCH_PATHS = "$(inherited) @executable_path/Frameworks";
				PRODUCT_NAME = Maelstrom;
			};
			name = Debug;
		};
		EF6955A31ABCA15500707E61 /* Release */ = {
			isa = XCBuildConfiguration;
			baseConfigurationReference = 893320EE70A67331EEF90DC5 /* Pods-Maelstrom.release.xcconfig */;
			buildSettings = {
				ASSETCATALOG_COMPILER_APPICON_NAME = AppIcon;
				FRAMEWORK_SEARCH_PATHS = (
					"$(inherited)",
					"$(PROJECT_DIR)",
				);
				INFOPLIST_FILE = Maelstrom/Info.plist;
				LD_RUNPATH_SEARCH_PATHS = "$(inherited) @executable_path/Frameworks";
				PRODUCT_NAME = Maelstrom;
			};
			name = Release;
		};
		EF6955A51ABCA15500707E61 /* Debug */ = {
			isa = XCBuildConfiguration;
			buildSettings = {
				BUNDLE_LOADER = "$(TEST_HOST)";
				FRAMEWORK_SEARCH_PATHS = (
					"$(SDKROOT)/Developer/Library/Frameworks",
					"$(inherited)",
				);
				GCC_PREPROCESSOR_DEFINITIONS = (
					"DEBUG=1",
					"$(inherited)",
				);
				INFOPLIST_FILE = MaelstromTests/Info.plist;
				LD_RUNPATH_SEARCH_PATHS = "$(inherited) @executable_path/Frameworks @loader_path/Frameworks";
				PRODUCT_NAME = MaelstromTests;
				TEST_HOST = "$(BUILT_PRODUCTS_DIR)/Maelstrom.app/Maelstrom";
			};
			name = Debug;
		};
		EF6955A61ABCA15500707E61 /* Release */ = {
			isa = XCBuildConfiguration;
			buildSettings = {
				BUNDLE_LOADER = "$(TEST_HOST)";
				FRAMEWORK_SEARCH_PATHS = (
					"$(SDKROOT)/Developer/Library/Frameworks",
					"$(inherited)",
				);
				INFOPLIST_FILE = MaelstromTests/Info.plist;
				LD_RUNPATH_SEARCH_PATHS = "$(inherited) @executable_path/Frameworks @loader_path/Frameworks";
				PRODUCT_NAME = MaelstromTests;
				TEST_HOST = "$(BUILT_PRODUCTS_DIR)/Maelstrom.app/Maelstrom";
			};
			name = Release;
		};
/* End XCBuildConfiguration section */

/* Begin XCConfigurationList section */
		EF6955761ABCA15500707E61 /* Build configuration list for PBXProject "Maelstrom" */ = {
			isa = XCConfigurationList;
			buildConfigurations = (
				EF69559F1ABCA15500707E61 /* Debug */,
				EF6955A01ABCA15500707E61 /* Release */,
			);
			defaultConfigurationIsVisible = 0;
			defaultConfigurationName = Release;
		};
		EF6955A11ABCA15500707E61 /* Build configuration list for PBXNativeTarget "Maelstrom" */ = {
			isa = XCConfigurationList;
			buildConfigurations = (
				EF6955A21ABCA15500707E61 /* Debug */,
				EF6955A31ABCA15500707E61 /* Release */,
			);
			defaultConfigurationIsVisible = 0;
			defaultConfigurationName = Release;
		};
		EF6955A41ABCA15500707E61 /* Build configuration list for PBXNativeTarget "MaelstromTests" */ = {
			isa = XCConfigurationList;
			buildConfigurations = (
				EF6955A51ABCA15500707E61 /* Debug */,
				EF6955A61ABCA15500707E61 /* Release */,
			);
			defaultConfigurationIsVisible = 0;
			defaultConfigurationName = Release;
		};
/* End XCConfigurationList section */
	};
	rootObject = EF6955731ABCA15500707E61 /* Project object */;
}
